// !$*UTF8*$!
{
	archiveVersion = 1;
	classes = {
	};
	objectVersion = 44;
	objects = {

/* Begin PBXBuildFile section */
		301E14880A9487B000452AD5 /* S3DragAndDropArrayController.m in Sources */ = {isa = PBXBuildFile; fileRef = 301E14870A9487B000452AD5 /* S3DragAndDropArrayController.m */; };
		306299E50A953E0A00634B34 /* SystemConfiguration.framework in Frameworks */ = {isa = PBXBuildFile; fileRef = 306299E40A953E0A00634B34 /* SystemConfiguration.framework */; };
		3066A6AA0AAB608F003CACDA /* S3ActiveWindowController.m in Sources */ = {isa = PBXBuildFile; fileRef = 3066A6A90AAB608F003CACDA /* S3ActiveWindowController.m */; };
		30D774990B406D7900C01A78 /* Sparkle.framework in Frameworks */ = {isa = PBXBuildFile; fileRef = 30D774980B406D7900C01A78 /* Sparkle.framework */; };
		30D774AF0B406DC400C01A78 /* Sparkle.framework in CopyFiles */ = {isa = PBXBuildFile; fileRef = 30D774980B406D7900C01A78 /* Sparkle.framework */; };
		30F424250B45FBD700A8483B /* Credits.rtf in Resources */ = {isa = PBXBuildFile; fileRef = 30F424240B45FBD700A8483B /* Credits.rtf */; };
		65C3B16B0C199136008EB674 /* S3OperationConsoleLogDelegate.m in Sources */ = {isa = PBXBuildFile; fileRef = 65C3B10B0C1983E4008EB674 /* S3OperationConsoleLogDelegate.m */; };
		65C3B19C0C1999B1008EB674 /* S3TransferRateCalculator.m in Sources */ = {isa = PBXBuildFile; fileRef = ECB4A4FB0BA881590056558D /* S3TransferRateCalculator.m */; };
		65CD13FD0D4509D1000385D3 /* S3ObjectStreamedUploadOperation+Attributes.m in Sources */ = {isa = PBXBuildFile; fileRef = 65CD13FC0D4509D1000385D3 /* S3ObjectStreamedUploadOperation+Attributes.m */; };
		65CDE8E60C1048A2007CB0EF /* s3util.m in Sources */ = {isa = PBXBuildFile; fileRef = 65CDE8E50C1048A2007CB0EF /* s3util.m */; };
		65CDE92B0C1050BE007CB0EF /* Cocoa.framework in Frameworks */ = {isa = PBXBuildFile; fileRef = 1058C7A1FEA54F0111CA2CBB /* Cocoa.framework */; };
		65CDE9860C1050EC007CB0EF /* Foundation.framework in Frameworks */ = {isa = PBXBuildFile; fileRef = 29B97325FDCFA39411CA2CEA /* Foundation.framework */; };
		65CDE9870C1050ED007CB0EF /* AppKit.framework in Frameworks */ = {isa = PBXBuildFile; fileRef = 29B97324FDCFA39411CA2CEA /* AppKit.framework */; };
		65CDE9880C1050F6007CB0EF /* libssl.dylib in Frameworks */ = {isa = PBXBuildFile; fileRef = 7765E31309E726830075B66B /* libssl.dylib */; };
		65CDE9890C1050FA007CB0EF /* libcrypto.dylib in Frameworks */ = {isa = PBXBuildFile; fileRef = 7765E31709E726CA0075B66B /* libcrypto.dylib */; };
		65CDE98A0C105100007CB0EF /* Security.framework in Frameworks */ = {isa = PBXBuildFile; fileRef = 777D0D2C0A332CB4003CABA0 /* Security.framework */; };
		65CDE9A00C10534C007CB0EF /* S3Extensions.m in Sources */ = {isa = PBXBuildFile; fileRef = 7794949A09DD9B2300A5DEB7 /* S3Extensions.m */; };
		65CDE9AA0C1053BD007CB0EF /* S3Object.m in Sources */ = {isa = PBXBuildFile; fileRef = 7777EB3309C7929900EC8148 /* S3Object.m */; };
		65CDE9AD0C1053CD007CB0EF /* S3Bucket.m in Sources */ = {isa = PBXBuildFile; fileRef = 7777EB3C09C79E6F00EC8148 /* S3Bucket.m */; };
		65CDE9B00C1053E9007CB0EF /* S3OperationQueue.m in Sources */ = {isa = PBXBuildFile; fileRef = 77AEA4800B762CE3000BB6A6 /* S3OperationQueue.m */; };
		65CDE9C10C105444007CB0EF /* S3Owner.m in Sources */ = {isa = PBXBuildFile; fileRef = 7777EB2B09C7923500EC8148 /* S3Owner.m */; };
		7737F80C09EDA1EB0015B80B /* upload.icns in Resources */ = {isa = PBXBuildFile; fileRef = 7737F80A09EDA1EB0015B80B /* upload.icns */; };
		7737F80D09EDA1EB0015B80B /* download.icns in Resources */ = {isa = PBXBuildFile; fileRef = 7737F80B09EDA1EB0015B80B /* download.icns */; };
		77538C0C09EB36E80024FB3B /* stop.icns in Resources */ = {isa = PBXBuildFile; fileRef = 77538C0809EB36E80024FB3B /* stop.icns */; };
		77538C0D09EB36E80024FB3B /* delete.icns in Resources */ = {isa = PBXBuildFile; fileRef = 77538C0909EB36E80024FB3B /* delete.icns */; };
		77538C0E09EB36E80024FB3B /* add.icns in Resources */ = {isa = PBXBuildFile; fileRef = 77538C0A09EB36E80024FB3B /* add.icns */; };
		77538C0F09EB36E80024FB3B /* info.icns in Resources */ = {isa = PBXBuildFile; fileRef = 77538C0B09EB36E80024FB3B /* info.icns */; };
		77538C3D09EB387E0024FB3B /* refresh.icns in Resources */ = {isa = PBXBuildFile; fileRef = 77538C3C09EB387E0024FB3B /* refresh.icns */; };
		77538C6909EB3DCB0024FB3B /* S3AppKitExtensions.m in Sources */ = {isa = PBXBuildFile; fileRef = 77538C6809EB3DCB0024FB3B /* S3AppKitExtensions.m */; };
		7765E31409E726830075B66B /* libssl.dylib in Frameworks */ = {isa = PBXBuildFile; fileRef = 7765E31309E726830075B66B /* libssl.dylib */; };
		7765E31809E726CA0075B66B /* libcrypto.dylib in Frameworks */ = {isa = PBXBuildFile; fileRef = 7765E31709E726CA0075B66B /* libcrypto.dylib */; };
		7777EB2C09C7923500EC8148 /* S3Owner.m in Sources */ = {isa = PBXBuildFile; fileRef = 7777EB2B09C7923500EC8148 /* S3Owner.m */; };
		7777EB3409C7929900EC8148 /* S3Object.m in Sources */ = {isa = PBXBuildFile; fileRef = 7777EB3309C7929900EC8148 /* S3Object.m */; };
		7777EB3D09C79E6F00EC8148 /* S3Bucket.m in Sources */ = {isa = PBXBuildFile; fileRef = 7777EB3C09C79E6F00EC8148 /* S3Bucket.m */; };
		777CB08009E550AF003E37C9 /* app.icns in Resources */ = {isa = PBXBuildFile; fileRef = 777CB07F09E550AF003E37C9 /* app.icns */; };
		777CB09D09E5E4F1003E37C9 /* S3LoginController.m in Sources */ = {isa = PBXBuildFile; fileRef = 777CB09C09E5E4F1003E37C9 /* S3LoginController.m */; };
		777CB0AC09E5E85C003E37C9 /* Authentication.nib in Resources */ = {isa = PBXBuildFile; fileRef = 777CB0AA09E5E85C003E37C9 /* Authentication.nib */; };
		777D0D2D0A332CB4003CABA0 /* Security.framework in Frameworks */ = {isa = PBXBuildFile; fileRef = 777D0D2C0A332CB4003CABA0 /* Security.framework */; };
		778B5CBC09E1568A002AF32D /* S3ObjectListController.m in Sources */ = {isa = PBXBuildFile; fileRef = 778B5CBB09E1568A002AF32D /* S3ObjectListController.m */; };
		778B5D2809E170EA002AF32D /* Objects.nib in Resources */ = {isa = PBXBuildFile; fileRef = 778B5D2609E170EA002AF32D /* Objects.nib */; };
		778B5DCE09E1817D002AF32D /* S3BucketListController.m in Sources */ = {isa = PBXBuildFile; fileRef = 778B5DCD09E1817D002AF32D /* S3BucketListController.m */; };
		778B5E0709E18F30002AF32D /* Buckets.nib in Resources */ = {isa = PBXBuildFile; fileRef = 778B5E0509E18F30002AF32D /* Buckets.nib */; };
		778C8AB80B659674006212F9 /* S3ValueTransformers.m in Sources */ = {isa = PBXBuildFile; fileRef = 778C8AB60B659674006212F9 /* S3ValueTransformers.m */; };
		7794949B09DD9B2300A5DEB7 /* S3Extensions.m in Sources */ = {isa = PBXBuildFile; fileRef = 7794949A09DD9B2300A5DEB7 /* S3Extensions.m */; };
		77AEA4820B762CE3000BB6A6 /* S3OperationQueue.m in Sources */ = {isa = PBXBuildFile; fileRef = 77AEA4800B762CE3000BB6A6 /* S3OperationQueue.m */; };
		77BC305809E800750055FD75 /* S3OperationController.m in Sources */ = {isa = PBXBuildFile; fileRef = 77BC305709E800750055FD75 /* S3OperationController.m */; };
		77BC305B09E8009A0055FD75 /* Operations.nib in Resources */ = {isa = PBXBuildFile; fileRef = 77BC305909E8009A0055FD75 /* Operations.nib */; };
		77BC334F09E852D90055FD75 /* S3ClickableURLField.m in Sources */ = {isa = PBXBuildFile; fileRef = 77BC334E09E852D90055FD75 /* S3ClickableURLField.m */; };
		8D11072A0486CEB800E47090 /* MainMenu.nib in Resources */ = {isa = PBXBuildFile; fileRef = 29B97318FDCFA39411CA2CEA /* MainMenu.nib */; };
		8D11072B0486CEB800E47090 /* InfoPlist.strings in Resources */ = {isa = PBXBuildFile; fileRef = 089C165CFE840E0CC02AAC07 /* InfoPlist.strings */; };
		8D11072D0486CEB800E47090 /* main.m in Sources */ = {isa = PBXBuildFile; fileRef = 29B97316FDCFA39411CA2CEA /* main.m */; settings = {ATTRIBUTES = (); }; };
		8D11072F0486CEB800E47090 /* Cocoa.framework in Frameworks */ = {isa = PBXBuildFile; fileRef = 1058C7A1FEA54F0111CA2CBB /* Cocoa.framework */; };
		EC1DB56A0E6240850062ADBB /* S3ListBucketOperation.m in Sources */ = {isa = PBXBuildFile; fileRef = EC1DB5690E6240850062ADBB /* S3ListBucketOperation.m */; };
		EC2715970E3CF3A800B17D42 /* S3ConnectionInfo.m in Sources */ = {isa = PBXBuildFile; fileRef = EC2715960E3CF3A800B17D42 /* S3ConnectionInfo.m */; };
		EC3D0F440E4016D600EE82C9 /* S3PersistentCFReadStreamPool.m in Sources */ = {isa = PBXBuildFile; fileRef = EC3D0F430E4016D600EE82C9 /* S3PersistentCFReadStreamPool.m */; };
		EC4418450EDD1AAB00DB6030 /* S3DeleteObjectOperation.m in Sources */ = {isa = PBXBuildFile; fileRef = EC4418440EDD1AAB00DB6030 /* S3DeleteObjectOperation.m */; };
		EC4418F10EDDAF4100DB6030 /* S3AddObjectOperation.m in Sources */ = {isa = PBXBuildFile; fileRef = EC4418F00EDDAF4100DB6030 /* S3AddObjectOperation.m */; };
		EC5DB4C010D35A5500E728BA /* S3CopyObjectOperation.m in Sources */ = {isa = PBXBuildFile; fileRef = EC5DB4BF10D35A5500E728BA /* S3CopyObjectOperation.m */; };
		EC5F10870ED5D5390096145C /* S3DeleteBucketOperation.m in Sources */ = {isa = PBXBuildFile; fileRef = EC5F10860ED5D5390096145C /* S3DeleteBucketOperation.m */; };
		EC5F108A0ED5D7690096145C /* S3AddBucketOperation.m in Sources */ = {isa = PBXBuildFile; fileRef = EC5F10890ED5D7690096145C /* S3AddBucketOperation.m */; };
		EC7DA3060E4F640900178FE4 /* S3HTTPURLBuilder.m in Sources */ = {isa = PBXBuildFile; fileRef = EC7DA3050E4F640900178FE4 /* S3HTTPURLBuilder.m */; };
		EC7FA5490E793B5700CB4FC0 /* S3ApplicationDelegate.m in Sources */ = {isa = PBXBuildFile; fileRef = EC7FA5480E793B5700CB4FC0 /* S3ApplicationDelegate.m */; };
		EC7FF4440E47254A009C232B /* S3Operation.m in Sources */ = {isa = PBXBuildFile; fileRef = EC7FF4430E47254A009C232B /* S3Operation.m */; };
		EC8A58DA0EE312A900C701C3 /* S3DownloadObjectOperation.m in Sources */ = {isa = PBXBuildFile; fileRef = EC8A58D90EE312A900C701C3 /* S3DownloadObjectOperation.m */; };
		ECB4A4FC0BA8815A0056558D /* S3TransferRateCalculator.h in CopyFiles */ = {isa = PBXBuildFile; fileRef = ECB4A4FA0BA881590056558D /* S3TransferRateCalculator.h */; };
		ECB4A4FD0BA8815A0056558D /* S3TransferRateCalculator.m in Sources */ = {isa = PBXBuildFile; fileRef = ECB4A4FB0BA881590056558D /* S3TransferRateCalculator.m */; };
		ECB6314810E8E7AC008ED3C4 /* AWSRegion.m in Sources */ = {isa = PBXBuildFile; fileRef = ECB6314710E8E7AC008ED3C4 /* AWSRegion.m */; };
		ECB860440ED452080044CEBE /* S3ListObjectOperation.m in Sources */ = {isa = PBXBuildFile; fileRef = ECB860430ED452080044CEBE /* S3ListObjectOperation.m */; };
		ECB94CB60E67356800EAFD27 /* CoreFoundation.framework in Frameworks */ = {isa = PBXBuildFile; fileRef = ECB94CB50E67356800EAFD27 /* CoreFoundation.framework */; };
		ECB94CC80E6737A500EAFD27 /* CoreServices.framework in Frameworks */ = {isa = PBXBuildFile; fileRef = ECB94CC70E6737A500EAFD27 /* CoreServices.framework */; };
		ECCA1D1F0ED337D5002FC414 /* S3MutableConnectionInfo.m in Sources */ = {isa = PBXBuildFile; fileRef = ECCA1D1E0ED337D5002FC414 /* S3MutableConnectionInfo.m */; };
		ECCA1DCE0ED43EBD002FC414 /* S3ACL.m in Sources */ = {isa = PBXBuildFile; fileRef = ECCA1DC90ED43EBD002FC414 /* S3ACL.m */; };
		ECCA622C0EE4F12A009266B4 /* S3OperationLog.m in Sources */ = {isa = PBXBuildFile; fileRef = ECCA622B0EE4F12A009266B4 /* S3OperationLog.m */; };
/* End PBXBuildFile section */

/* Begin PBXCopyFilesBuildPhase section */
		30D774AD0B406D8F00C01A78 /* CopyFiles */ = {
			isa = PBXCopyFilesBuildPhase;
			buildActionMask = 2147483647;
			dstPath = "";
			dstSubfolderSpec = 10;
			files = (
				30D774AF0B406DC400C01A78 /* Sparkle.framework in CopyFiles */,
				ECB4A4FC0BA8815A0056558D /* S3TransferRateCalculator.h in CopyFiles */,
			);
			runOnlyForDeploymentPostprocessing = 0;
		};
/* End PBXCopyFilesBuildPhase section */

/* Begin PBXFileReference section */
		089C165DFE840E0CC02AAC07 /* English */ = {isa = PBXFileReference; fileEncoding = 10; lastKnownFileType = text.plist.strings; name = English; path = English.lproj/InfoPlist.strings; sourceTree = "<group>"; };
		1058C7A1FEA54F0111CA2CBB /* Cocoa.framework */ = {isa = PBXFileReference; lastKnownFileType = wrapper.framework; name = Cocoa.framework; path = /System/Library/Frameworks/Cocoa.framework; sourceTree = "<absolute>"; };
		29B97316FDCFA39411CA2CEA /* main.m */ = {isa = PBXFileReference; fileEncoding = 4; lastKnownFileType = sourcecode.c.objc; path = main.m; sourceTree = "<group>"; };
		29B97319FDCFA39411CA2CEA /* English */ = {isa = PBXFileReference; lastKnownFileType = wrapper.nib; name = English; path = English.lproj/MainMenu.nib; sourceTree = "<group>"; };
		29B97324FDCFA39411CA2CEA /* AppKit.framework */ = {isa = PBXFileReference; lastKnownFileType = wrapper.framework; name = AppKit.framework; path = /System/Library/Frameworks/AppKit.framework; sourceTree = "<absolute>"; };
		29B97325FDCFA39411CA2CEA /* Foundation.framework */ = {isa = PBXFileReference; lastKnownFileType = wrapper.framework; name = Foundation.framework; path = /System/Library/Frameworks/Foundation.framework; sourceTree = "<absolute>"; };
		301E14860A9487B000452AD5 /* S3DragAndDropArrayController.h */ = {isa = PBXFileReference; fileEncoding = 4; lastKnownFileType = sourcecode.c.h; path = S3DragAndDropArrayController.h; sourceTree = "<group>"; };
		301E14870A9487B000452AD5 /* S3DragAndDropArrayController.m */ = {isa = PBXFileReference; fileEncoding = 4; lastKnownFileType = sourcecode.c.objc; path = S3DragAndDropArrayController.m; sourceTree = "<group>"; };
		306299E40A953E0A00634B34 /* SystemConfiguration.framework */ = {isa = PBXFileReference; lastKnownFileType = wrapper.framework; name = SystemConfiguration.framework; path = /System/Library/Frameworks/SystemConfiguration.framework; sourceTree = "<absolute>"; };
		3066A6A80AAB608F003CACDA /* S3ActiveWindowController.h */ = {isa = PBXFileReference; fileEncoding = 4; lastKnownFileType = sourcecode.c.h; path = S3ActiveWindowController.h; sourceTree = "<group>"; };
		3066A6A90AAB608F003CACDA /* S3ActiveWindowController.m */ = {isa = PBXFileReference; fileEncoding = 4; lastKnownFileType = sourcecode.c.objc; path = S3ActiveWindowController.m; sourceTree = "<group>"; };
		30D774980B406D7900C01A78 /* Sparkle.framework */ = {isa = PBXFileReference; lastKnownFileType = wrapper.framework; path = Sparkle.framework; sourceTree = "<group>"; };
		30F424240B45FBD700A8483B /* Credits.rtf */ = {isa = PBXFileReference; lastKnownFileType = text.rtf; name = Credits.rtf; path = Resources/Credits.rtf; sourceTree = "<group>"; };
		32CA4F630368D1EE00C91783 /* S3-Objc_Prefix.pch */ = {isa = PBXFileReference; fileEncoding = 4; lastKnownFileType = sourcecode.c.h; path = "S3-Objc_Prefix.pch"; sourceTree = "<group>"; };
		65C3B10A0C1983E4008EB674 /* S3OperationConsoleLogDelegate.h */ = {isa = PBXFileReference; fileEncoding = 30; lastKnownFileType = sourcecode.c.h; name = S3OperationConsoleLogDelegate.h; path = util/S3OperationConsoleLogDelegate.h; sourceTree = "<group>"; };
		65C3B10B0C1983E4008EB674 /* S3OperationConsoleLogDelegate.m */ = {isa = PBXFileReference; fileEncoding = 30; lastKnownFileType = sourcecode.c.objc; name = S3OperationConsoleLogDelegate.m; path = util/S3OperationConsoleLogDelegate.m; sourceTree = "<group>"; };
		65CD13FB0D4509D1000385D3 /* S3ObjectStreamedUploadOperation+Attributes.h */ = {isa = PBXFileReference; fileEncoding = 4; lastKnownFileType = sourcecode.c.h; name = "S3ObjectStreamedUploadOperation+Attributes.h"; path = "util/S3ObjectStreamedUploadOperation+Attributes.h"; sourceTree = "<group>"; };
		65CD13FC0D4509D1000385D3 /* S3ObjectStreamedUploadOperation+Attributes.m */ = {isa = PBXFileReference; fileEncoding = 4; lastKnownFileType = sourcecode.c.objc; name = "S3ObjectStreamedUploadOperation+Attributes.m"; path = "util/S3ObjectStreamedUploadOperation+Attributes.m"; sourceTree = "<group>"; };
		65CDE8CA0C10462C007CB0EF /* s3util */ = {isa = PBXFileReference; explicitFileType = "compiled.mach-o.executable"; includeInIndex = 0; path = s3util; sourceTree = BUILT_PRODUCTS_DIR; };
		65CDE8E50C1048A2007CB0EF /* s3util.m */ = {isa = PBXFileReference; fileEncoding = 30; lastKnownFileType = sourcecode.c.objc; name = s3util.m; path = util/s3util.m; sourceTree = "<group>"; };
		7737F80A09EDA1EB0015B80B /* upload.icns */ = {isa = PBXFileReference; lastKnownFileType = image.icns; name = upload.icns; path = Resources/upload.icns; sourceTree = "<group>"; };
		7737F80B09EDA1EB0015B80B /* download.icns */ = {isa = PBXFileReference; lastKnownFileType = image.icns; name = download.icns; path = Resources/download.icns; sourceTree = "<group>"; };
		77538C0809EB36E80024FB3B /* stop.icns */ = {isa = PBXFileReference; lastKnownFileType = image.icns; name = stop.icns; path = Resources/stop.icns; sourceTree = "<group>"; };
		77538C0909EB36E80024FB3B /* delete.icns */ = {isa = PBXFileReference; lastKnownFileType = image.icns; name = delete.icns; path = Resources/delete.icns; sourceTree = "<group>"; };
		77538C0A09EB36E80024FB3B /* add.icns */ = {isa = PBXFileReference; lastKnownFileType = image.icns; name = add.icns; path = Resources/add.icns; sourceTree = "<group>"; };
		77538C0B09EB36E80024FB3B /* info.icns */ = {isa = PBXFileReference; lastKnownFileType = image.icns; name = info.icns; path = Resources/info.icns; sourceTree = "<group>"; };
		77538C3C09EB387E0024FB3B /* refresh.icns */ = {isa = PBXFileReference; lastKnownFileType = image.icns; name = refresh.icns; path = Resources/refresh.icns; sourceTree = "<group>"; };
		77538C6709EB3DCB0024FB3B /* S3AppKitExtensions.h */ = {isa = PBXFileReference; fileEncoding = 4; lastKnownFileType = sourcecode.c.h; path = S3AppKitExtensions.h; sourceTree = "<group>"; };
		77538C6809EB3DCB0024FB3B /* S3AppKitExtensions.m */ = {isa = PBXFileReference; fileEncoding = 4; lastKnownFileType = sourcecode.c.objc; path = S3AppKitExtensions.m; sourceTree = "<group>"; };
		7765E31309E726830075B66B /* libssl.dylib */ = {isa = PBXFileReference; lastKnownFileType = "compiled.mach-o.dylib"; name = libssl.dylib; path = /usr/lib/libssl.dylib; sourceTree = "<absolute>"; };
		7765E31709E726CA0075B66B /* libcrypto.dylib */ = {isa = PBXFileReference; lastKnownFileType = "compiled.mach-o.dylib"; name = libcrypto.dylib; path = /usr/lib/libcrypto.dylib; sourceTree = "<absolute>"; };
		7777EB2A09C7923500EC8148 /* S3Owner.h */ = {isa = PBXFileReference; fileEncoding = 4; lastKnownFileType = sourcecode.c.h; path = S3Owner.h; sourceTree = "<group>"; };
		7777EB2B09C7923500EC8148 /* S3Owner.m */ = {isa = PBXFileReference; fileEncoding = 4; lastKnownFileType = sourcecode.c.objc; path = S3Owner.m; sourceTree = "<group>"; };
		7777EB3209C7929900EC8148 /* S3Object.h */ = {isa = PBXFileReference; fileEncoding = 4; lastKnownFileType = sourcecode.c.h; path = S3Object.h; sourceTree = "<group>"; };
		7777EB3309C7929900EC8148 /* S3Object.m */ = {isa = PBXFileReference; fileEncoding = 4; lastKnownFileType = sourcecode.c.objc; path = S3Object.m; sourceTree = "<group>"; };
		7777EB3B09C79E6F00EC8148 /* S3Bucket.h */ = {isa = PBXFileReference; fileEncoding = 4; lastKnownFileType = sourcecode.c.h; path = S3Bucket.h; sourceTree = "<group>"; };
		7777EB3C09C79E6F00EC8148 /* S3Bucket.m */ = {isa = PBXFileReference; fileEncoding = 4; lastKnownFileType = sourcecode.c.objc; path = S3Bucket.m; sourceTree = "<group>"; };
		777CB07F09E550AF003E37C9 /* app.icns */ = {isa = PBXFileReference; lastKnownFileType = image.icns; name = app.icns; path = Resources/app.icns; sourceTree = "<group>"; };
		777CB09B09E5E4F1003E37C9 /* S3LoginController.h */ = {isa = PBXFileReference; fileEncoding = 4; lastKnownFileType = sourcecode.c.h; path = S3LoginController.h; sourceTree = "<group>"; };
		777CB09C09E5E4F1003E37C9 /* S3LoginController.m */ = {isa = PBXFileReference; fileEncoding = 4; lastKnownFileType = sourcecode.c.objc; path = S3LoginController.m; sourceTree = "<group>"; };
		777CB0AB09E5E85C003E37C9 /* English */ = {isa = PBXFileReference; lastKnownFileType = wrapper.nib; name = English; path = English.lproj/Authentication.nib; sourceTree = "<group>"; };
		777D0D2C0A332CB4003CABA0 /* Security.framework */ = {isa = PBXFileReference; lastKnownFileType = wrapper.framework; name = Security.framework; path = /System/Library/Frameworks/Security.framework; sourceTree = "<absolute>"; };
		778B5CBA09E1568A002AF32D /* S3ObjectListController.h */ = {isa = PBXFileReference; fileEncoding = 4; lastKnownFileType = sourcecode.c.h; path = S3ObjectListController.h; sourceTree = "<group>"; };
		778B5CBB09E1568A002AF32D /* S3ObjectListController.m */ = {isa = PBXFileReference; fileEncoding = 4; lastKnownFileType = sourcecode.c.objc; path = S3ObjectListController.m; sourceTree = "<group>"; };
		778B5D2709E170EA002AF32D /* English */ = {isa = PBXFileReference; lastKnownFileType = wrapper.nib; name = English; path = English.lproj/Objects.nib; sourceTree = "<group>"; };
		778B5DCC09E1817D002AF32D /* S3BucketListController.h */ = {isa = PBXFileReference; fileEncoding = 4; lastKnownFileType = sourcecode.c.h; path = S3BucketListController.h; sourceTree = "<group>"; };
		778B5DCD09E1817D002AF32D /* S3BucketListController.m */ = {isa = PBXFileReference; fileEncoding = 4; lastKnownFileType = sourcecode.c.objc; path = S3BucketListController.m; sourceTree = "<group>"; };
		778B5E0609E18F30002AF32D /* English */ = {isa = PBXFileReference; lastKnownFileType = wrapper.nib; name = English; path = English.lproj/Buckets.nib; sourceTree = "<group>"; };
		778C8AB50B659674006212F9 /* S3ValueTransformers.h */ = {isa = PBXFileReference; fileEncoding = 4; lastKnownFileType = sourcecode.c.h; path = S3ValueTransformers.h; sourceTree = "<group>"; };
		778C8AB60B659674006212F9 /* S3ValueTransformers.m */ = {isa = PBXFileReference; fileEncoding = 4; lastKnownFileType = sourcecode.c.objc; path = S3ValueTransformers.m; sourceTree = "<group>"; };
		7794949909DD9B2300A5DEB7 /* S3Extensions.h */ = {isa = PBXFileReference; fileEncoding = 4; lastKnownFileType = sourcecode.c.h; path = S3Extensions.h; sourceTree = "<group>"; };
		7794949A09DD9B2300A5DEB7 /* S3Extensions.m */ = {isa = PBXFileReference; fileEncoding = 4; lastKnownFileType = sourcecode.c.objc; path = S3Extensions.m; sourceTree = "<group>"; };
		77AEA47F0B762CE3000BB6A6 /* S3OperationQueue.h */ = {isa = PBXFileReference; fileEncoding = 4; lastKnownFileType = sourcecode.c.h; path = S3OperationQueue.h; sourceTree = "<group>"; };
		77AEA4800B762CE3000BB6A6 /* S3OperationQueue.m */ = {isa = PBXFileReference; fileEncoding = 4; lastKnownFileType = sourcecode.c.objc; path = S3OperationQueue.m; sourceTree = "<group>"; };
		77BC305609E800750055FD75 /* S3OperationController.h */ = {isa = PBXFileReference; fileEncoding = 4; lastKnownFileType = sourcecode.c.h; path = S3OperationController.h; sourceTree = "<group>"; };
		77BC305709E800750055FD75 /* S3OperationController.m */ = {isa = PBXFileReference; fileEncoding = 4; lastKnownFileType = sourcecode.c.objc; path = S3OperationController.m; sourceTree = "<group>"; };
		77BC305A09E8009A0055FD75 /* English */ = {isa = PBXFileReference; lastKnownFileType = wrapper.nib; name = English; path = English.lproj/Operations.nib; sourceTree = "<group>"; };
		77BC334D09E852D90055FD75 /* S3ClickableURLField.h */ = {isa = PBXFileReference; fileEncoding = 4; lastKnownFileType = sourcecode.c.h; path = S3ClickableURLField.h; sourceTree = "<group>"; };
		77BC334E09E852D90055FD75 /* S3ClickableURLField.m */ = {isa = PBXFileReference; fileEncoding = 4; lastKnownFileType = sourcecode.c.objc; path = S3ClickableURLField.m; sourceTree = "<group>"; };
		8D1107310486CEB800E47090 /* Info.plist */ = {isa = PBXFileReference; fileEncoding = 4; lastKnownFileType = text.plist; path = Info.plist; sourceTree = "<group>"; };
		8D1107320486CEB800E47090 /* S3 Browser.app */ = {isa = PBXFileReference; explicitFileType = wrapper.application; includeInIndex = 0; path = "S3 Browser.app"; sourceTree = BUILT_PRODUCTS_DIR; };
		EC1DB5680E6240850062ADBB /* S3ListBucketOperation.h */ = {isa = PBXFileReference; fileEncoding = 4; lastKnownFileType = sourcecode.c.h; path = S3ListBucketOperation.h; sourceTree = "<group>"; };
		EC1DB5690E6240850062ADBB /* S3ListBucketOperation.m */ = {isa = PBXFileReference; fileEncoding = 4; lastKnownFileType = sourcecode.c.objc; path = S3ListBucketOperation.m; sourceTree = "<group>"; };
		EC2715960E3CF3A800B17D42 /* S3ConnectionInfo.m */ = {isa = PBXFileReference; fileEncoding = 4; lastKnownFileType = sourcecode.c.objc; path = S3ConnectionInfo.m; sourceTree = "<group>"; };
		EC2715980E3CF43200B17D42 /* S3ConnectionInfo.h */ = {isa = PBXFileReference; fileEncoding = 4; lastKnownFileType = sourcecode.c.h; path = S3ConnectionInfo.h; sourceTree = "<group>"; };
		EC3D0F420E4016D600EE82C9 /* S3PersistentCFReadStreamPool.h */ = {isa = PBXFileReference; fileEncoding = 4; lastKnownFileType = sourcecode.c.h; path = S3PersistentCFReadStreamPool.h; sourceTree = "<group>"; };
		EC3D0F430E4016D600EE82C9 /* S3PersistentCFReadStreamPool.m */ = {isa = PBXFileReference; fileEncoding = 4; lastKnownFileType = sourcecode.c.objc; path = S3PersistentCFReadStreamPool.m; sourceTree = "<group>"; };
		EC4418430EDD1AAB00DB6030 /* S3DeleteObjectOperation.h */ = {isa = PBXFileReference; fileEncoding = 4; lastKnownFileType = sourcecode.c.h; path = S3DeleteObjectOperation.h; sourceTree = "<group>"; };
		EC4418440EDD1AAB00DB6030 /* S3DeleteObjectOperation.m */ = {isa = PBXFileReference; fileEncoding = 4; lastKnownFileType = sourcecode.c.objc; path = S3DeleteObjectOperation.m; sourceTree = "<group>"; };
		EC4418EF0EDDAF4100DB6030 /* S3AddObjectOperation.h */ = {isa = PBXFileReference; fileEncoding = 4; lastKnownFileType = sourcecode.c.h; path = S3AddObjectOperation.h; sourceTree = "<group>"; };
		EC4418F00EDDAF4100DB6030 /* S3AddObjectOperation.m */ = {isa = PBXFileReference; fileEncoding = 4; lastKnownFileType = sourcecode.c.objc; path = S3AddObjectOperation.m; sourceTree = "<group>"; };
		EC5DB4BE10D35A5500E728BA /* S3CopyObjectOperation.h */ = {isa = PBXFileReference; fileEncoding = 4; lastKnownFileType = sourcecode.c.h; path = S3CopyObjectOperation.h; sourceTree = "<group>"; };
		EC5DB4BF10D35A5500E728BA /* S3CopyObjectOperation.m */ = {isa = PBXFileReference; fileEncoding = 4; lastKnownFileType = sourcecode.c.objc; path = S3CopyObjectOperation.m; sourceTree = "<group>"; };
		EC5F10850ED5D5390096145C /* S3DeleteBucketOperation.h */ = {isa = PBXFileReference; fileEncoding = 4; lastKnownFileType = sourcecode.c.h; path = S3DeleteBucketOperation.h; sourceTree = "<group>"; };
		EC5F10860ED5D5390096145C /* S3DeleteBucketOperation.m */ = {isa = PBXFileReference; fileEncoding = 4; lastKnownFileType = sourcecode.c.objc; path = S3DeleteBucketOperation.m; sourceTree = "<group>"; };
		EC5F10880ED5D7690096145C /* S3AddBucketOperation.h */ = {isa = PBXFileReference; fileEncoding = 4; lastKnownFileType = sourcecode.c.h; path = S3AddBucketOperation.h; sourceTree = "<group>"; };
		EC5F10890ED5D7690096145C /* S3AddBucketOperation.m */ = {isa = PBXFileReference; fileEncoding = 4; lastKnownFileType = sourcecode.c.objc; path = S3AddBucketOperation.m; sourceTree = "<group>"; };
		EC7DA3040E4F640900178FE4 /* S3HTTPURLBuilder.h */ = {isa = PBXFileReference; fileEncoding = 4; lastKnownFileType = sourcecode.c.h; path = S3HTTPURLBuilder.h; sourceTree = "<group>"; };
		EC7DA3050E4F640900178FE4 /* S3HTTPURLBuilder.m */ = {isa = PBXFileReference; fileEncoding = 4; lastKnownFileType = sourcecode.c.objc; path = S3HTTPURLBuilder.m; sourceTree = "<group>"; };
		EC7FA5470E793B5600CB4FC0 /* S3ApplicationDelegate.h */ = {isa = PBXFileReference; fileEncoding = 4; lastKnownFileType = sourcecode.c.h; path = S3ApplicationDelegate.h; sourceTree = "<group>"; };
		EC7FA5480E793B5700CB4FC0 /* S3ApplicationDelegate.m */ = {isa = PBXFileReference; fileEncoding = 4; lastKnownFileType = sourcecode.c.objc; path = S3ApplicationDelegate.m; sourceTree = "<group>"; };
		EC7FF4420E47254A009C232B /* S3Operation.h */ = {isa = PBXFileReference; fileEncoding = 4; lastKnownFileType = sourcecode.c.h; path = S3Operation.h; sourceTree = "<group>"; };
		EC7FF4430E47254A009C232B /* S3Operation.m */ = {isa = PBXFileReference; fileEncoding = 4; lastKnownFileType = sourcecode.c.objc; path = S3Operation.m; sourceTree = "<group>"; };
		EC8A58D80EE312A900C701C3 /* S3DownloadObjectOperation.h */ = {isa = PBXFileReference; fileEncoding = 4; lastKnownFileType = sourcecode.c.h; path = S3DownloadObjectOperation.h; sourceTree = "<group>"; };
		EC8A58D90EE312A900C701C3 /* S3DownloadObjectOperation.m */ = {isa = PBXFileReference; fileEncoding = 4; lastKnownFileType = sourcecode.c.objc; path = S3DownloadObjectOperation.m; sourceTree = "<group>"; };
		ECB4A4FA0BA881590056558D /* S3TransferRateCalculator.h */ = {isa = PBXFileReference; fileEncoding = 4; lastKnownFileType = sourcecode.c.h; path = S3TransferRateCalculator.h; sourceTree = "<group>"; };
		ECB4A4FB0BA881590056558D /* S3TransferRateCalculator.m */ = {isa = PBXFileReference; fileEncoding = 4; lastKnownFileType = sourcecode.c.objc; path = S3TransferRateCalculator.m; sourceTree = "<group>"; };
		ECB6314610E8E7AC008ED3C4 /* AWSRegion.h */ = {isa = PBXFileReference; fileEncoding = 4; lastKnownFileType = sourcecode.c.h; path = AWSRegion.h; sourceTree = "<group>"; };
		ECB6314710E8E7AC008ED3C4 /* AWSRegion.m */ = {isa = PBXFileReference; fileEncoding = 4; lastKnownFileType = sourcecode.c.objc; path = AWSRegion.m; sourceTree = "<group>"; };
		ECB860420ED452080044CEBE /* S3ListObjectOperation.h */ = {isa = PBXFileReference; fileEncoding = 4; lastKnownFileType = sourcecode.c.h; path = S3ListObjectOperation.h; sourceTree = "<group>"; };
		ECB860430ED452080044CEBE /* S3ListObjectOperation.m */ = {isa = PBXFileReference; fileEncoding = 4; lastKnownFileType = sourcecode.c.objc; path = S3ListObjectOperation.m; sourceTree = "<group>"; };
		ECB94CB50E67356800EAFD27 /* CoreFoundation.framework */ = {isa = PBXFileReference; lastKnownFileType = wrapper.framework; name = CoreFoundation.framework; path = SDKs/MacOSX10.5.sdk/System/Library/Frameworks/CoreFoundation.framework; sourceTree = DEVELOPER_DIR; };
		ECB94CC70E6737A500EAFD27 /* CoreServices.framework */ = {isa = PBXFileReference; lastKnownFileType = wrapper.framework; name = CoreServices.framework; path = SDKs/MacOSX10.5.sdk/System/Library/Frameworks/CoreServices.framework; sourceTree = DEVELOPER_DIR; };
		ECCA1D1D0ED337D5002FC414 /* S3MutableConnectionInfo.h */ = {isa = PBXFileReference; fileEncoding = 4; lastKnownFileType = sourcecode.c.h; path = S3MutableConnectionInfo.h; sourceTree = "<group>"; };
		ECCA1D1E0ED337D5002FC414 /* S3MutableConnectionInfo.m */ = {isa = PBXFileReference; fileEncoding = 4; lastKnownFileType = sourcecode.c.objc; path = S3MutableConnectionInfo.m; sourceTree = "<group>"; };
		ECCA1DC80ED43EBD002FC414 /* S3ACL.h */ = {isa = PBXFileReference; fileEncoding = 4; lastKnownFileType = sourcecode.c.h; path = S3ACL.h; sourceTree = "<group>"; };
		ECCA1DC90ED43EBD002FC414 /* S3ACL.m */ = {isa = PBXFileReference; fileEncoding = 4; lastKnownFileType = sourcecode.c.objc; path = S3ACL.m; sourceTree = "<group>"; };
		ECCA622A0EE4F12A009266B4 /* S3OperationLog.h */ = {isa = PBXFileReference; fileEncoding = 4; lastKnownFileType = sourcecode.c.h; path = S3OperationLog.h; sourceTree = "<group>"; };
		ECCA622B0EE4F12A009266B4 /* S3OperationLog.m */ = {isa = PBXFileReference; fileEncoding = 4; lastKnownFileType = sourcecode.c.objc; path = S3OperationLog.m; sourceTree = "<group>"; };
/* End PBXFileReference section */

/* Begin PBXFrameworksBuildPhase section */
		65CDE8C80C10462C007CB0EF /* Frameworks */ = {
			isa = PBXFrameworksBuildPhase;
			buildActionMask = 2147483647;
			files = (
				65CDE92B0C1050BE007CB0EF /* Cocoa.framework in Frameworks */,
				65CDE9860C1050EC007CB0EF /* Foundation.framework in Frameworks */,
				65CDE9870C1050ED007CB0EF /* AppKit.framework in Frameworks */,
				65CDE9880C1050F6007CB0EF /* libssl.dylib in Frameworks */,
				65CDE9890C1050FA007CB0EF /* libcrypto.dylib in Frameworks */,
				65CDE98A0C105100007CB0EF /* Security.framework in Frameworks */,
			);
			runOnlyForDeploymentPostprocessing = 0;
		};
		8D11072E0486CEB800E47090 /* Frameworks */ = {
			isa = PBXFrameworksBuildPhase;
			buildActionMask = 2147483647;
			files = (
				8D11072F0486CEB800E47090 /* Cocoa.framework in Frameworks */,
				7765E31409E726830075B66B /* libssl.dylib in Frameworks */,
				7765E31809E726CA0075B66B /* libcrypto.dylib in Frameworks */,
				777D0D2D0A332CB4003CABA0 /* Security.framework in Frameworks */,
				306299E50A953E0A00634B34 /* SystemConfiguration.framework in Frameworks */,
				30D774990B406D7900C01A78 /* Sparkle.framework in Frameworks */,
				ECB94CB60E67356800EAFD27 /* CoreFoundation.framework in Frameworks */,
				ECB94CC80E6737A500EAFD27 /* CoreServices.framework in Frameworks */,
			);
			runOnlyForDeploymentPostprocessing = 0;
		};
/* End PBXFrameworksBuildPhase section */

/* Begin PBXGroup section */
		080E96DDFE201D6D7F000001 /* core */ = {
			isa = PBXGroup;
			children = (
				778C8CE90B659F5B006212F9 /* base classes */,
				778C8CE10B659F13006212F9 /* buckets operations */,
				778C8CE40B659F2F006212F9 /* objects operations */,
			);
			path = core;
			sourceTree = "<group>";
		};
		1058C7A0FEA54F0111CA2CBB /* Linked Frameworks */ = {
			isa = PBXGroup;
			children = (
				30D774980B406D7900C01A78 /* Sparkle.framework */,
				306299E40A953E0A00634B34 /* SystemConfiguration.framework */,
				777D0D2C0A332CB4003CABA0 /* Security.framework */,
				7765E31709E726CA0075B66B /* libcrypto.dylib */,
				7765E31309E726830075B66B /* libssl.dylib */,
				1058C7A1FEA54F0111CA2CBB /* Cocoa.framework */,
			);
			name = "Linked Frameworks";
			sourceTree = "<group>";
		};
		1058C7A2FEA54F0111CA2CBB /* Other Frameworks */ = {
			isa = PBXGroup;
			children = (
				29B97325FDCFA39411CA2CEA /* Foundation.framework */,
				29B97324FDCFA39411CA2CEA /* AppKit.framework */,
				ECB94CB50E67356800EAFD27 /* CoreFoundation.framework */,
				ECB94CC70E6737A500EAFD27 /* CoreServices.framework */,
			);
			name = "Other Frameworks";
			sourceTree = "<group>";
		};
		19C28FACFE9D520D11CA2CBB /* Products */ = {
			isa = PBXGroup;
			children = (
				8D1107320486CEB800E47090 /* S3 Browser.app */,
				65CDE8CA0C10462C007CB0EF /* s3util */,
			);
			name = Products;
			sourceTree = "<group>";
		};
		29B97314FDCFA39411CA2CEA /* S3-Objc */ = {
			isa = PBXGroup;
			children = (
				778B5E0D09E18FEA002AF32D /* app */,
				080E96DDFE201D6D7F000001 /* core */,
				65C3B1090C1983AC008EB674 /* util */,
				29B97315FDCFA39411CA2CEA /* Other Sources */,
				29B97317FDCFA39411CA2CEA /* Resources */,
				29B97323FDCFA39411CA2CEA /* Frameworks */,
				19C28FACFE9D520D11CA2CBB /* Products */,
			);
			name = "S3-Objc";
			sourceTree = "<group>";
		};
		29B97315FDCFA39411CA2CEA /* Other Sources */ = {
			isa = PBXGroup;
			children = (
				32CA4F630368D1EE00C91783 /* S3-Objc_Prefix.pch */,
				29B97316FDCFA39411CA2CEA /* main.m */,
			);
			name = "Other Sources";
			sourceTree = "<group>";
		};
		29B97317FDCFA39411CA2CEA /* Resources */ = {
			isa = PBXGroup;
			children = (
				777CB07F09E550AF003E37C9 /* app.icns */,
				77538C0809EB36E80024FB3B /* stop.icns */,
				77538C0909EB36E80024FB3B /* delete.icns */,
				77538C0A09EB36E80024FB3B /* add.icns */,
				77538C0B09EB36E80024FB3B /* info.icns */,
				77538C3C09EB387E0024FB3B /* refresh.icns */,
				7737F80A09EDA1EB0015B80B /* upload.icns */,
				7737F80B09EDA1EB0015B80B /* download.icns */,
				30F424240B45FBD700A8483B /* Credits.rtf */,
				8D1107310486CEB800E47090 /* Info.plist */,
				089C165CFE840E0CC02AAC07 /* InfoPlist.strings */,
				29B97318FDCFA39411CA2CEA /* MainMenu.nib */,
				77BC305909E8009A0055FD75 /* Operations.nib */,
				777CB0AA09E5E85C003E37C9 /* Authentication.nib */,
				778B5E0509E18F30002AF32D /* Buckets.nib */,
				778B5D2609E170EA002AF32D /* Objects.nib */,
			);
			name = Resources;
			sourceTree = "<group>";
		};
		29B97323FDCFA39411CA2CEA /* Frameworks */ = {
			isa = PBXGroup;
			children = (
				1058C7A0FEA54F0111CA2CBB /* Linked Frameworks */,
				1058C7A2FEA54F0111CA2CBB /* Other Frameworks */,
			);
			name = Frameworks;
			sourceTree = "<group>";
		};
		65C3B1090C1983AC008EB674 /* util */ = {
			isa = PBXGroup;
			children = (
				65CDE8E50C1048A2007CB0EF /* s3util.m */,
				65C3B10A0C1983E4008EB674 /* S3OperationConsoleLogDelegate.h */,
				65C3B10B0C1983E4008EB674 /* S3OperationConsoleLogDelegate.m */,
				65CD13FB0D4509D1000385D3 /* S3ObjectStreamedUploadOperation+Attributes.h */,
				65CD13FC0D4509D1000385D3 /* S3ObjectStreamedUploadOperation+Attributes.m */,
			);
			name = util;
			sourceTree = "<group>";
		};
		778B5E0D09E18FEA002AF32D /* app */ = {
			isa = PBXGroup;
			children = (
				EC7FA5470E793B5600CB4FC0 /* S3ApplicationDelegate.h */,
				EC7FA5480E793B5700CB4FC0 /* S3ApplicationDelegate.m */,
				3066A6A80AAB608F003CACDA /* S3ActiveWindowController.h */,
				3066A6A90AAB608F003CACDA /* S3ActiveWindowController.m */,
				777CB09B09E5E4F1003E37C9 /* S3LoginController.h */,
				777CB09C09E5E4F1003E37C9 /* S3LoginController.m */,
				778B5DCC09E1817D002AF32D /* S3BucketListController.h */,
				778B5DCD09E1817D002AF32D /* S3BucketListController.m */,
				778B5CBA09E1568A002AF32D /* S3ObjectListController.h */,
				778B5CBB09E1568A002AF32D /* S3ObjectListController.m */,
				77BC305609E800750055FD75 /* S3OperationController.h */,
				77BC305709E800750055FD75 /* S3OperationController.m */,
				77BC334D09E852D90055FD75 /* S3ClickableURLField.h */,
				77BC334E09E852D90055FD75 /* S3ClickableURLField.m */,
				301E14860A9487B000452AD5 /* S3DragAndDropArrayController.h */,
				301E14870A9487B000452AD5 /* S3DragAndDropArrayController.m */,
				778C8AB50B659674006212F9 /* S3ValueTransformers.h */,
				778C8AB60B659674006212F9 /* S3ValueTransformers.m */,
				77538C6709EB3DCB0024FB3B /* S3AppKitExtensions.h */,
				77538C6809EB3DCB0024FB3B /* S3AppKitExtensions.m */,
				ECCA622A0EE4F12A009266B4 /* S3OperationLog.h */,
				ECCA622B0EE4F12A009266B4 /* S3OperationLog.m */,
			);
			path = app;
			sourceTree = "<group>";
		};
		778C8CE10B659F13006212F9 /* buckets operations */ = {
			isa = PBXGroup;
			children = (
				EC5F10880ED5D7690096145C /* S3AddBucketOperation.h */,
				EC5F10890ED5D7690096145C /* S3AddBucketOperation.m */,
				EC5F10850ED5D5390096145C /* S3DeleteBucketOperation.h */,
				EC5F10860ED5D5390096145C /* S3DeleteBucketOperation.m */,
				EC1DB5680E6240850062ADBB /* S3ListBucketOperation.h */,
				EC1DB5690E6240850062ADBB /* S3ListBucketOperation.m */,
			);
			name = "buckets operations";
			sourceTree = "<group>";
		};
		778C8CE40B659F2F006212F9 /* objects operations */ = {
			isa = PBXGroup;
			children = (
				ECB860420ED452080044CEBE /* S3ListObjectOperation.h */,
				ECB860430ED452080044CEBE /* S3ListObjectOperation.m */,
				EC4418430EDD1AAB00DB6030 /* S3DeleteObjectOperation.h */,
				EC4418440EDD1AAB00DB6030 /* S3DeleteObjectOperation.m */,
				EC4418EF0EDDAF4100DB6030 /* S3AddObjectOperation.h */,
				EC4418F00EDDAF4100DB6030 /* S3AddObjectOperation.m */,
				EC8A58D80EE312A900C701C3 /* S3DownloadObjectOperation.h */,
				EC8A58D90EE312A900C701C3 /* S3DownloadObjectOperation.m */,
				EC5DB4BE10D35A5500E728BA /* S3CopyObjectOperation.h */,
				EC5DB4BF10D35A5500E728BA /* S3CopyObjectOperation.m */,
			);
			name = "objects operations";
			sourceTree = "<group>";
		};
		778C8CE90B659F5B006212F9 /* base classes */ = {
			isa = PBXGroup;
			children = (
				ECB6314610E8E7AC008ED3C4 /* AWSRegion.h */,
				ECB6314710E8E7AC008ED3C4 /* AWSRegion.m */,
				7777EB3B09C79E6F00EC8148 /* S3Bucket.h */,
				7777EB3C09C79E6F00EC8148 /* S3Bucket.m */,
				7777EB3209C7929900EC8148 /* S3Object.h */,
				7777EB3309C7929900EC8148 /* S3Object.m */,
				EC2715980E3CF43200B17D42 /* S3ConnectionInfo.h */,
				EC2715960E3CF3A800B17D42 /* S3ConnectionInfo.m */,
				ECCA1D1D0ED337D5002FC414 /* S3MutableConnectionInfo.h */,
				ECCA1D1E0ED337D5002FC414 /* S3MutableConnectionInfo.m */,
				EC7FF4420E47254A009C232B /* S3Operation.h */,
				EC7FF4430E47254A009C232B /* S3Operation.m */,
				77AEA47F0B762CE3000BB6A6 /* S3OperationQueue.h */,
				77AEA4800B762CE3000BB6A6 /* S3OperationQueue.m */,
				ECB4A4FA0BA881590056558D /* S3TransferRateCalculator.h */,
				ECB4A4FB0BA881590056558D /* S3TransferRateCalculator.m */,
				EC3D0F420E4016D600EE82C9 /* S3PersistentCFReadStreamPool.h */,
				EC3D0F430E4016D600EE82C9 /* S3PersistentCFReadStreamPool.m */,
				EC7DA3040E4F640900178FE4 /* S3HTTPURLBuilder.h */,
				EC7DA3050E4F640900178FE4 /* S3HTTPURLBuilder.m */,
				7777EB2A09C7923500EC8148 /* S3Owner.h */,
				7777EB2B09C7923500EC8148 /* S3Owner.m */,
				ECCA1DC80ED43EBD002FC414 /* S3ACL.h */,
				ECCA1DC90ED43EBD002FC414 /* S3ACL.m */,
				7794949909DD9B2300A5DEB7 /* S3Extensions.h */,
				7794949A09DD9B2300A5DEB7 /* S3Extensions.m */,
			);
			name = "base classes";
			sourceTree = "<group>";
		};
/* End PBXGroup section */

/* Begin PBXNativeTarget section */
		65CDE8C90C10462C007CB0EF /* s3util */ = {
			isa = PBXNativeTarget;
			buildConfigurationList = 65CDE8CC0C104656007CB0EF /* Build configuration list for PBXNativeTarget "s3util" */;
			buildPhases = (
				65CDE8C70C10462C007CB0EF /* Sources */,
				65CDE8C80C10462C007CB0EF /* Frameworks */,
			);
			buildRules = (
			);
			dependencies = (
			);
			name = s3util;
			productName = Untitled;
			productReference = 65CDE8CA0C10462C007CB0EF /* s3util */;
			productType = "com.apple.product-type.tool";
		};
		8D1107260486CEB800E47090 /* S3 Browser */ = {
			isa = PBXNativeTarget;
			buildConfigurationList = C01FCF4A08A954540054247B /* Build configuration list for PBXNativeTarget "S3 Browser" */;
			buildPhases = (
				30D774B30B406DFA00C01A78 /* ShellScript */,
				8D1107290486CEB800E47090 /* Resources */,
				8D11072C0486CEB800E47090 /* Sources */,
				8D11072E0486CEB800E47090 /* Frameworks */,
				30D774AD0B406D8F00C01A78 /* CopyFiles */,
			);
			buildRules = (
			);
			dependencies = (
			);
			name = "S3 Browser";
			productInstallPath = "$(HOME)/Applications";
			productName = "S3-Objc";
			productReference = 8D1107320486CEB800E47090 /* S3 Browser.app */;
			productType = "com.apple.product-type.application";
		};
/* End PBXNativeTarget section */

/* Begin PBXProject section */
		29B97313FDCFA39411CA2CEA /* Project object */ = {
			isa = PBXProject;
			buildConfigurationList = C01FCF4E08A954540054247B /* Build configuration list for PBXProject "S3-Objc" */;
			compatibilityVersion = "Xcode 3.0";
			hasScannedForEncodings = 1;
			mainGroup = 29B97314FDCFA39411CA2CEA /* S3-Objc */;
			projectDirPath = "";
			projectRoot = "";
			targets = (
				8D1107260486CEB800E47090 /* S3 Browser */,
				65CDE8C90C10462C007CB0EF /* s3util */,
			);
		};
/* End PBXProject section */

/* Begin PBXResourcesBuildPhase section */
		8D1107290486CEB800E47090 /* Resources */ = {
			isa = PBXResourcesBuildPhase;
			buildActionMask = 2147483647;
			files = (
				8D11072A0486CEB800E47090 /* MainMenu.nib in Resources */,
				8D11072B0486CEB800E47090 /* InfoPlist.strings in Resources */,
				778B5D2809E170EA002AF32D /* Objects.nib in Resources */,
				778B5E0709E18F30002AF32D /* Buckets.nib in Resources */,
				777CB08009E550AF003E37C9 /* app.icns in Resources */,
				777CB0AC09E5E85C003E37C9 /* Authentication.nib in Resources */,
				77BC305B09E8009A0055FD75 /* Operations.nib in Resources */,
				77538C0C09EB36E80024FB3B /* stop.icns in Resources */,
				77538C0D09EB36E80024FB3B /* delete.icns in Resources */,
				77538C0E09EB36E80024FB3B /* add.icns in Resources */,
				77538C0F09EB36E80024FB3B /* info.icns in Resources */,
				77538C3D09EB387E0024FB3B /* refresh.icns in Resources */,
				7737F80C09EDA1EB0015B80B /* upload.icns in Resources */,
				7737F80D09EDA1EB0015B80B /* download.icns in Resources */,
				30F424250B45FBD700A8483B /* Credits.rtf in Resources */,
			);
			runOnlyForDeploymentPostprocessing = 0;
		};
/* End PBXResourcesBuildPhase section */

/* Begin PBXShellScriptBuildPhase section */
		30D774B30B406DFA00C01A78 /* ShellScript */ = {
			isa = PBXShellScriptBuildPhase;
			buildActionMask = 2147483647;
			files = (
			);
			inputPaths = (
			);
			outputPaths = (
			);
			runOnlyForDeploymentPostprocessing = 0;
			shellPath = /bin/sh;
			shellScript = "# If not present, download Sparkle archive, extract it and cleanup.\nif [ ! -e $SRCROOT/Sparkle.framework ]; then\n\trm -rf $SRCROOT/Sparkle\n\tmkdir $SRCROOT/Sparkle\n\tcd $SRCROOT/Sparkle\t\n\techo \"Downloading Sparkle framework\"\n\tcurl -s -O http://andymatuschak.org/files/Sparkle-1.1.zip\n\techo \"Unzipping Sparkle\"\n\tunzip Sparkle-1.1.zip\n\tmv Extras/English-Only\\ Framework/Sparkle.framework $SRCROOT\n\trm -rf $SRCROOT/Sparkle\n\techo \"Sparkle installed for build\"\nfi";
		};
/* End PBXShellScriptBuildPhase section */

/* Begin PBXSourcesBuildPhase section */
		65CDE8C70C10462C007CB0EF /* Sources */ = {
			isa = PBXSourcesBuildPhase;
			buildActionMask = 2147483647;
			files = (
				65CDE8E60C1048A2007CB0EF /* s3util.m in Sources */,
				65CDE9A00C10534C007CB0EF /* S3Extensions.m in Sources */,
				65CDE9AA0C1053BD007CB0EF /* S3Object.m in Sources */,
				65CDE9AD0C1053CD007CB0EF /* S3Bucket.m in Sources */,
				65CDE9B00C1053E9007CB0EF /* S3OperationQueue.m in Sources */,
				65CDE9C10C105444007CB0EF /* S3Owner.m in Sources */,
				65C3B16B0C199136008EB674 /* S3OperationConsoleLogDelegate.m in Sources */,
				65C3B19C0C1999B1008EB674 /* S3TransferRateCalculator.m in Sources */,
				65CD13FD0D4509D1000385D3 /* S3ObjectStreamedUploadOperation+Attributes.m in Sources */,
			);
			runOnlyForDeploymentPostprocessing = 0;
		};
		8D11072C0486CEB800E47090 /* Sources */ = {
			isa = PBXSourcesBuildPhase;
			buildActionMask = 2147483647;
			files = (
				8D11072D0486CEB800E47090 /* main.m in Sources */,
				7777EB2C09C7923500EC8148 /* S3Owner.m in Sources */,
				7777EB3409C7929900EC8148 /* S3Object.m in Sources */,
				7777EB3D09C79E6F00EC8148 /* S3Bucket.m in Sources */,
				7794949B09DD9B2300A5DEB7 /* S3Extensions.m in Sources */,
				778B5CBC09E1568A002AF32D /* S3ObjectListController.m in Sources */,
				778B5DCE09E1817D002AF32D /* S3BucketListController.m in Sources */,
				777CB09D09E5E4F1003E37C9 /* S3LoginController.m in Sources */,
				77BC305809E800750055FD75 /* S3OperationController.m in Sources */,
				77BC334F09E852D90055FD75 /* S3ClickableURLField.m in Sources */,
				77538C6909EB3DCB0024FB3B /* S3AppKitExtensions.m in Sources */,
				301E14880A9487B000452AD5 /* S3DragAndDropArrayController.m in Sources */,
				3066A6AA0AAB608F003CACDA /* S3ActiveWindowController.m in Sources */,
				778C8AB80B659674006212F9 /* S3ValueTransformers.m in Sources */,
				77AEA4820B762CE3000BB6A6 /* S3OperationQueue.m in Sources */,
				ECB4A4FD0BA8815A0056558D /* S3TransferRateCalculator.m in Sources */,
				EC2715970E3CF3A800B17D42 /* S3ConnectionInfo.m in Sources */,
				EC3D0F440E4016D600EE82C9 /* S3PersistentCFReadStreamPool.m in Sources */,
				EC7FF4440E47254A009C232B /* S3Operation.m in Sources */,
				EC7DA3060E4F640900178FE4 /* S3HTTPURLBuilder.m in Sources */,
				EC1DB56A0E6240850062ADBB /* S3ListBucketOperation.m in Sources */,
				EC7FA5490E793B5700CB4FC0 /* S3ApplicationDelegate.m in Sources */,
				ECCA1D1F0ED337D5002FC414 /* S3MutableConnectionInfo.m in Sources */,
				ECCA1DCE0ED43EBD002FC414 /* S3ACL.m in Sources */,
				ECB860440ED452080044CEBE /* S3ListObjectOperation.m in Sources */,
				EC5F10870ED5D5390096145C /* S3DeleteBucketOperation.m in Sources */,
				EC5F108A0ED5D7690096145C /* S3AddBucketOperation.m in Sources */,
				EC4418450EDD1AAB00DB6030 /* S3DeleteObjectOperation.m in Sources */,
				EC4418F10EDDAF4100DB6030 /* S3AddObjectOperation.m in Sources */,
				EC8A58DA0EE312A900C701C3 /* S3DownloadObjectOperation.m in Sources */,
				ECCA622C0EE4F12A009266B4 /* S3OperationLog.m in Sources */,
				EC5DB4C010D35A5500E728BA /* S3CopyObjectOperation.m in Sources */,
				ECB6314810E8E7AC008ED3C4 /* AWSRegion.m in Sources */,
			);
			runOnlyForDeploymentPostprocessing = 0;
		};
/* End PBXSourcesBuildPhase section */

/* Begin PBXVariantGroup section */
		089C165CFE840E0CC02AAC07 /* InfoPlist.strings */ = {
			isa = PBXVariantGroup;
			children = (
				089C165DFE840E0CC02AAC07 /* English */,
			);
			name = InfoPlist.strings;
			sourceTree = "<group>";
		};
		29B97318FDCFA39411CA2CEA /* MainMenu.nib */ = {
			isa = PBXVariantGroup;
			children = (
				29B97319FDCFA39411CA2CEA /* English */,
			);
			name = MainMenu.nib;
			sourceTree = "<group>";
		};
		777CB0AA09E5E85C003E37C9 /* Authentication.nib */ = {
			isa = PBXVariantGroup;
			children = (
				777CB0AB09E5E85C003E37C9 /* English */,
			);
			name = Authentication.nib;
			sourceTree = "<group>";
		};
		778B5D2609E170EA002AF32D /* Objects.nib */ = {
			isa = PBXVariantGroup;
			children = (
				778B5D2709E170EA002AF32D /* English */,
			);
			name = Objects.nib;
			sourceTree = "<group>";
		};
		778B5E0509E18F30002AF32D /* Buckets.nib */ = {
			isa = PBXVariantGroup;
			children = (
				778B5E0609E18F30002AF32D /* English */,
			);
			name = Buckets.nib;
			sourceTree = "<group>";
		};
		77BC305909E8009A0055FD75 /* Operations.nib */ = {
			isa = PBXVariantGroup;
			children = (
				77BC305A09E8009A0055FD75 /* English */,
			);
			name = Operations.nib;
			sourceTree = "<group>";
		};
/* End PBXVariantGroup section */

/* Begin XCBuildConfiguration section */
		65CDE8CD0C104656007CB0EF /* Debug */ = {
			isa = XCBuildConfiguration;
			buildSettings = {
				ARCHS = (
					ppc,
					i386,
				);
				COPY_PHASE_STRIP = NO;
				GCC_C_LANGUAGE_STANDARD = gnu99;
				GCC_DYNAMIC_NO_PIC = NO;
				GCC_ENABLE_FIX_AND_CONTINUE = YES;
				GCC_GENERATE_DEBUGGING_SYMBOLS = YES;
				GCC_MODEL_TUNING = G5;
				GCC_OPTIMIZATION_LEVEL = 0;
				GCC_PRECOMPILE_PREFIX_HEADER = YES;
				GCC_PREFIX_HEADER = "$(SYSTEM_LIBRARY_DIR)/Frameworks/AppKit.framework/Headers/AppKit.h";
				INSTALL_PATH = "$(HOME)/bin";
				OTHER_LDFLAGS = (
					"-framework",
					Foundation,
					"-framework",
					AppKit,
				);
				PREBINDING = NO;
				PRODUCT_NAME = s3util;
				ZERO_LINK = YES;
			};
			name = Debug;
		};
		65CDE8CE0C104656007CB0EF /* Release */ = {
			isa = XCBuildConfiguration;
			buildSettings = {
				ARCHS = (
					ppc,
					i386,
				);
				COPY_PHASE_STRIP = YES;
				GCC_C_LANGUAGE_STANDARD = gnu99;
				GCC_ENABLE_FIX_AND_CONTINUE = NO;
				GCC_GENERATE_DEBUGGING_SYMBOLS = NO;
				GCC_MODEL_TUNING = G5;
				GCC_PRECOMPILE_PREFIX_HEADER = YES;
				GCC_PREFIX_HEADER = "$(SYSTEM_LIBRARY_DIR)/Frameworks/AppKit.framework/Headers/AppKit.h";
				INSTALL_PATH = "$(HOME)/bin";
				OTHER_LDFLAGS = (
					"-framework",
					Foundation,
					"-framework",
					AppKit,
				);
				PREBINDING = NO;
				PRODUCT_NAME = s3util;
				ZERO_LINK = NO;
			};
			name = Release;
		};
		C01FCF4B08A954540054247B /* Debug */ = {
			isa = XCBuildConfiguration;
			buildSettings = {
				COPY_PHASE_STRIP = NO;
				DEBUG_INFORMATION_FORMAT = "dwarf-with-dsym";
				FRAMEWORK_SEARCH_PATHS = (
					"$(inherited)",
					"$(FRAMEWORK_SEARCH_PATHS_QUOTED_1)",
				);
				FRAMEWORK_SEARCH_PATHS_QUOTED_1 = "\"$(SRCROOT)\"";
				GCC_DYNAMIC_NO_PIC = NO;
				GCC_ENABLE_FIX_AND_CONTINUE = YES;
				GCC_MODEL_TUNING = G5;
				GCC_OPTIMIZATION_LEVEL = 0;
				INFOPLIST_FILE = Info.plist;
				INSTALL_PATH = "$(HOME)/Applications";
				PRODUCT_NAME = "S3 Browser";
				WRAPPER_EXTENSION = app;
				ZERO_LINK = YES;
			};
			name = Debug;
		};
		C01FCF4C08A954540054247B /* Release */ = {
			isa = XCBuildConfiguration;
			buildSettings = {
				ARCHS = (
					ppc,
					i386,
				);
				DEBUG_INFORMATION_FORMAT = "dwarf-with-dsym";
				FRAMEWORK_SEARCH_PATHS = (
					"$(inherited)",
					"$(FRAMEWORK_SEARCH_PATHS_QUOTED_1)",
				);
				FRAMEWORK_SEARCH_PATHS_QUOTED_1 = "\"$(SRCROOT)\"";
				GCC_GENERATE_DEBUGGING_SYMBOLS = NO;
				GCC_MODEL_TUNING = G5;
				GCC_TREAT_WARNINGS_AS_ERRORS = NO;
				INFOPLIST_FILE = Info.plist;
				INSTALL_PATH = "$(HOME)/Applications";
				PRODUCT_NAME = "S3 Browser";
				WRAPPER_EXTENSION = app;
			};
			name = Release;
		};
		C01FCF4F08A954540054247B /* Debug */ = {
			isa = XCBuildConfiguration;
			buildSettings = {
				COPY_PHASE_STRIP = NO;
				CURRENT_PROJECT_VERSION = 138;
				GCC_OPTIMIZATION_LEVEL = 0;
				GCC_WARN_ABOUT_RETURN_TYPE = YES;
				GCC_WARN_UNUSED_VARIABLE = YES;
				PREBINDING = NO;
				SDKROOT = "$(DEVELOPER_SDK_DIR)/MacOSX10.5.sdk";
				STRIP_INSTALLED_PRODUCT = NO;
				VERSIONING_SYSTEM = "apple-generic";
			};
			name = Debug;
		};
		C01FCF5008A954540054247B /* Release */ = {
			isa = XCBuildConfiguration;
			buildSettings = {
				CURRENT_PROJECT_VERSION = 138;
				GCC_TREAT_WARNINGS_AS_ERRORS = YES;
				GCC_WARN_ABOUT_RETURN_TYPE = YES;
				GCC_WARN_UNUSED_VARIABLE = YES;
				PREBINDING = NO;
				SDKROOT = "$(DEVELOPER_SDK_DIR)/MacOSX10.5.sdk";
				VERSIONING_SYSTEM = "apple-generic";
			};
			name = Release;
		};
/* End XCBuildConfiguration section */

/* Begin XCConfigurationList section */
		65CDE8CC0C104656007CB0EF /* Build configuration list for PBXNativeTarget "s3util" */ = {
			isa = XCConfigurationList;
			buildConfigurations = (
				65CDE8CD0C104656007CB0EF /* Debug */,
				65CDE8CE0C104656007CB0EF /* Release */,
			);
			defaultConfigurationIsVisible = 0;
			defaultConfigurationName = Release;
		};
		C01FCF4A08A954540054247B /* Build configuration list for PBXNativeTarget "S3 Browser" */ = {
			isa = XCConfigurationList;
			buildConfigurations = (
				C01FCF4B08A954540054247B /* Debug */,
				C01FCF4C08A954540054247B /* Release */,
			);
			defaultConfigurationIsVisible = 0;
			defaultConfigurationName = Release;
		};
		C01FCF4E08A954540054247B /* Build configuration list for PBXProject "S3-Objc" */ = {
			isa = XCConfigurationList;
			buildConfigurations = (
				C01FCF4F08A954540054247B /* Debug */,
				C01FCF5008A954540054247B /* Release */,
			);
			defaultConfigurationIsVisible = 0;
			defaultConfigurationName = Release;
		};
/* End XCConfigurationList section */
	};
	rootObject = 29B97313FDCFA39411CA2CEA /* Project object */;
}
