// !$*UTF8*$!
{
	archiveVersion = 1;
	classes = {
	};
	objectVersion = 42;
	objects = {

/* Begin PBXBuildFile section */
		301E14880A9487B000452AD5 /* S3DragAndDropArrayController.m in Sources */ = {isa = PBXBuildFile; fileRef = 301E14870A9487B000452AD5 /* S3DragAndDropArrayController.m */; };
		306299E50A953E0A00634B34 /* SystemConfiguration.framework in Frameworks */ = {isa = PBXBuildFile; fileRef = 306299E40A953E0A00634B34 /* SystemConfiguration.framework */; };
		3066A6AA0AAB608F003CACDA /* S3ActiveWindowController.m in Sources */ = {isa = PBXBuildFile; fileRef = 3066A6A90AAB608F003CACDA /* S3ActiveWindowController.m */; };
		30BA790B0A91F0D100E4E2A9 /* S3ObjectDownloadOperation.m in Sources */ = {isa = PBXBuildFile; fileRef = 30BA790A0A91F0D100E4E2A9 /* S3ObjectDownloadOperation.m */; };
		30BA7C7F0A93A92800E4E2A9 /* S3ObjectUploadOperation.m in Sources */ = {isa = PBXBuildFile; fileRef = 30BA7C7E0A93A92800E4E2A9 /* S3ObjectUploadOperation.m */; };
		30D774990B406D7900C01A78 /* Sparkle.framework in Frameworks */ = {isa = PBXBuildFile; fileRef = 30D774980B406D7900C01A78 /* Sparkle.framework */; };
		30D774AF0B406DC400C01A78 /* Sparkle.framework in CopyFiles */ = {isa = PBXBuildFile; fileRef = 30D774980B406D7900C01A78 /* Sparkle.framework */; };
		30F424250B45FBD700A8483B /* Credits.rtf in Resources */ = {isa = PBXBuildFile; fileRef = 30F424240B45FBD700A8483B /* Credits.rtf */; };
		7737F80C09EDA1EB0015B80B /* upload.icns in Resources */ = {isa = PBXBuildFile; fileRef = 7737F80A09EDA1EB0015B80B /* upload.icns */; };
		7737F80D09EDA1EB0015B80B /* download.icns in Resources */ = {isa = PBXBuildFile; fileRef = 7737F80B09EDA1EB0015B80B /* download.icns */; };
		77538C0C09EB36E80024FB3B /* stop.icns in Resources */ = {isa = PBXBuildFile; fileRef = 77538C0809EB36E80024FB3B /* stop.icns */; };
		77538C0D09EB36E80024FB3B /* delete.icns in Resources */ = {isa = PBXBuildFile; fileRef = 77538C0909EB36E80024FB3B /* delete.icns */; };
		77538C0E09EB36E80024FB3B /* add.icns in Resources */ = {isa = PBXBuildFile; fileRef = 77538C0A09EB36E80024FB3B /* add.icns */; };
		77538C0F09EB36E80024FB3B /* info.icns in Resources */ = {isa = PBXBuildFile; fileRef = 77538C0B09EB36E80024FB3B /* info.icns */; };
		77538C3D09EB387E0024FB3B /* refresh.icns in Resources */ = {isa = PBXBuildFile; fileRef = 77538C3C09EB387E0024FB3B /* refresh.icns */; };
		77538C6909EB3DCB0024FB3B /* S3AppKitExtensions.m in Sources */ = {isa = PBXBuildFile; fileRef = 77538C6809EB3DCB0024FB3B /* S3AppKitExtensions.m */; };
		775D392C09DF2BA300B16BE3 /* S3Operation.m in Sources */ = {isa = PBXBuildFile; fileRef = 775D392B09DF2BA300B16BE3 /* S3Operation.m */; };
		775D396609DF44BF00B16BE3 /* S3Connection.m in Sources */ = {isa = PBXBuildFile; fileRef = 775D396509DF44BF00B16BE3 /* S3Connection.m */; };
		7765E31409E726830075B66B /* libssl.dylib in Frameworks */ = {isa = PBXBuildFile; fileRef = 7765E31309E726830075B66B /* libssl.dylib */; };
		7765E31809E726CA0075B66B /* libcrypto.dylib in Frameworks */ = {isa = PBXBuildFile; fileRef = 7765E31709E726CA0075B66B /* libcrypto.dylib */; };
		7777EB2C09C7923500EC8148 /* S3Owner.m in Sources */ = {isa = PBXBuildFile; fileRef = 7777EB2B09C7923500EC8148 /* S3Owner.m */; };
		7777EB3409C7929900EC8148 /* S3Object.m in Sources */ = {isa = PBXBuildFile; fileRef = 7777EB3309C7929900EC8148 /* S3Object.m */; };
		7777EB3D09C79E6F00EC8148 /* S3Bucket.m in Sources */ = {isa = PBXBuildFile; fileRef = 7777EB3C09C79E6F00EC8148 /* S3Bucket.m */; };
		777CB08009E550AF003E37C9 /* app.icns in Resources */ = {isa = PBXBuildFile; fileRef = 777CB07F09E550AF003E37C9 /* app.icns */; };
		777CB09D09E5E4F1003E37C9 /* S3LoginController.m in Sources */ = {isa = PBXBuildFile; fileRef = 777CB09C09E5E4F1003E37C9 /* S3LoginController.m */; };
		777CB0AC09E5E85C003E37C9 /* Authentication.nib in Resources */ = {isa = PBXBuildFile; fileRef = 777CB0AA09E5E85C003E37C9 /* Authentication.nib */; };
		777D0D2D0A332CB4003CABA0 /* Security.framework in Frameworks */ = {isa = PBXBuildFile; fileRef = 777D0D2C0A332CB4003CABA0 /* Security.framework */; };
		778B5CBC09E1568A002AF32D /* S3ObjectListController.m in Sources */ = {isa = PBXBuildFile; fileRef = 778B5CBB09E1568A002AF32D /* S3ObjectListController.m */; };
		778B5D2809E170EA002AF32D /* Objects.nib in Resources */ = {isa = PBXBuildFile; fileRef = 778B5D2609E170EA002AF32D /* Objects.nib */; };
		778B5DCE09E1817D002AF32D /* S3BucketListController.m in Sources */ = {isa = PBXBuildFile; fileRef = 778B5DCD09E1817D002AF32D /* S3BucketListController.m */; };
		778B5E0709E18F30002AF32D /* Buckets.nib in Resources */ = {isa = PBXBuildFile; fileRef = 778B5E0509E18F30002AF32D /* Buckets.nib */; };
		778B5E0A09E18FE2002AF32D /* S3Application.m in Sources */ = {isa = PBXBuildFile; fileRef = 778B5E0909E18FE2002AF32D /* S3Application.m */; };
		778C8AB70B659674006212F9 /* S3ValueTransformers.h in CopyFiles */ = {isa = PBXBuildFile; fileRef = 778C8AB50B659674006212F9 /* S3ValueTransformers.h */; };
		778C8AB80B659674006212F9 /* S3ValueTransformers.m in Sources */ = {isa = PBXBuildFile; fileRef = 778C8AB60B659674006212F9 /* S3ValueTransformers.m */; };
		778C8B970B659991006212F9 /* S3NSURLConnectionOperation.h in CopyFiles */ = {isa = PBXBuildFile; fileRef = 778C8B950B659991006212F9 /* S3NSURLConnectionOperation.h */; };
		778C8B980B659991006212F9 /* S3NSURLConnectionOperation.m in Sources */ = {isa = PBXBuildFile; fileRef = 778C8B960B659991006212F9 /* S3NSURLConnectionOperation.m */; };
		778C8BA50B6599E2006212F9 /* S3ListOperation.h in CopyFiles */ = {isa = PBXBuildFile; fileRef = 778C8BA30B6599E2006212F9 /* S3ListOperation.h */; };
		778C8BA60B6599E2006212F9 /* S3ListOperation.m in Sources */ = {isa = PBXBuildFile; fileRef = 778C8BA40B6599E2006212F9 /* S3ListOperation.m */; };
		778C8BB10B659A42006212F9 /* S3ObjectStreamedUploadOperation.h in CopyFiles */ = {isa = PBXBuildFile; fileRef = 778C8BAF0B659A42006212F9 /* S3ObjectStreamedUploadOperation.h */; };
		778C8BB20B659A42006212F9 /* S3ObjectStreamedUploadOperation.m in Sources */ = {isa = PBXBuildFile; fileRef = 778C8BB00B659A42006212F9 /* S3ObjectStreamedUploadOperation.m */; };
		778C8BC40B659AED006212F9 /* S3BucketListOperation.h in CopyFiles */ = {isa = PBXBuildFile; fileRef = 778C8BC20B659AED006212F9 /* S3BucketListOperation.h */; };
		778C8BC50B659AED006212F9 /* S3BucketListOperation.m in Sources */ = {isa = PBXBuildFile; fileRef = 778C8BC30B659AED006212F9 /* S3BucketListOperation.m */; };
		778C8BCF0B659B28006212F9 /* S3BucketDeleteOperation.h in CopyFiles */ = {isa = PBXBuildFile; fileRef = 778C8BCD0B659B28006212F9 /* S3BucketDeleteOperation.h */; };
		778C8BD00B659B28006212F9 /* S3BucketDeleteOperation.m in Sources */ = {isa = PBXBuildFile; fileRef = 778C8BCE0B659B28006212F9 /* S3BucketDeleteOperation.m */; };
		778C8BDB0B659B59006212F9 /* S3BucketAddOperation.h in CopyFiles */ = {isa = PBXBuildFile; fileRef = 778C8BD90B659B59006212F9 /* S3BucketAddOperation.h */; };
		778C8BDC0B659B59006212F9 /* S3BucketAddOperation.m in Sources */ = {isa = PBXBuildFile; fileRef = 778C8BDA0B659B59006212F9 /* S3BucketAddOperation.m */; };
		778C8BEA0B659BF3006212F9 /* S3ObjectDeleteOperation.h in CopyFiles */ = {isa = PBXBuildFile; fileRef = 778C8BE80B659BF3006212F9 /* S3ObjectDeleteOperation.h */; };
		778C8BEB0B659BF3006212F9 /* S3ObjectDeleteOperation.m in Sources */ = {isa = PBXBuildFile; fileRef = 778C8BE90B659BF3006212F9 /* S3ObjectDeleteOperation.m */; };
		778C8BF70B659C18006212F9 /* S3ObjectListOperation.h in CopyFiles */ = {isa = PBXBuildFile; fileRef = 778C8BF50B659C18006212F9 /* S3ObjectListOperation.h */; };
		778C8BF80B659C18006212F9 /* S3ObjectListOperation.m in Sources */ = {isa = PBXBuildFile; fileRef = 778C8BF60B659C18006212F9 /* S3ObjectListOperation.m */; };
		778C8CC00B659E7C006212F9 /* S3Connection.h in CopyFiles */ = {isa = PBXBuildFile; fileRef = 775D396409DF44BF00B16BE3 /* S3Connection.h */; };
		778C8CC10B659E7D006212F9 /* S3Extensions.h in CopyFiles */ = {isa = PBXBuildFile; fileRef = 7794949909DD9B2300A5DEB7 /* S3Extensions.h */; };
		778C8CC20B659E7E006212F9 /* S3Object.h in CopyFiles */ = {isa = PBXBuildFile; fileRef = 7777EB3209C7929900EC8148 /* S3Object.h */; };
		778C8CC30B659E7F006212F9 /* S3ObjectDownloadOperation.h in CopyFiles */ = {isa = PBXBuildFile; fileRef = 30BA79090A91F0D100E4E2A9 /* S3ObjectDownloadOperation.h */; };
		778C8CC40B659E82006212F9 /* S3ObjectUploadOperation.h in CopyFiles */ = {isa = PBXBuildFile; fileRef = 30BA7C7D0A93A92800E4E2A9 /* S3ObjectUploadOperation.h */; };
		778C8CC50B659E83006212F9 /* S3Operation.h in CopyFiles */ = {isa = PBXBuildFile; fileRef = 775D392A09DF2BA300B16BE3 /* S3Operation.h */; };
		778C8CC60B659E84006212F9 /* S3Owner.h in CopyFiles */ = {isa = PBXBuildFile; fileRef = 7777EB2A09C7923500EC8148 /* S3Owner.h */; };
		778C8CCA0B659E94006212F9 /* S3Bucket.h in CopyFiles */ = {isa = PBXBuildFile; fileRef = 7777EB3B09C79E6F00EC8148 /* S3Bucket.h */; };
		7794949B09DD9B2300A5DEB7 /* S3Extensions.m in Sources */ = {isa = PBXBuildFile; fileRef = 7794949A09DD9B2300A5DEB7 /* S3Extensions.m */; };
		77BC305809E800750055FD75 /* S3OperationController.m in Sources */ = {isa = PBXBuildFile; fileRef = 77BC305709E800750055FD75 /* S3OperationController.m */; };
		77BC305B09E8009A0055FD75 /* Operations.nib in Resources */ = {isa = PBXBuildFile; fileRef = 77BC305909E8009A0055FD75 /* Operations.nib */; };
		77BC334F09E852D90055FD75 /* S3ClickableURLField.m in Sources */ = {isa = PBXBuildFile; fileRef = 77BC334E09E852D90055FD75 /* S3ClickableURLField.m */; };
		8D11072A0486CEB800E47090 /* MainMenu.nib in Resources */ = {isa = PBXBuildFile; fileRef = 29B97318FDCFA39411CA2CEA /* MainMenu.nib */; };
		8D11072B0486CEB800E47090 /* InfoPlist.strings in Resources */ = {isa = PBXBuildFile; fileRef = 089C165CFE840E0CC02AAC07 /* InfoPlist.strings */; };
		8D11072D0486CEB800E47090 /* main.m in Sources */ = {isa = PBXBuildFile; fileRef = 29B97316FDCFA39411CA2CEA /* main.m */; settings = {ATTRIBUTES = (); }; };
		8D11072F0486CEB800E47090 /* Cocoa.framework in Frameworks */ = {isa = PBXBuildFile; fileRef = 1058C7A1FEA54F0111CA2CBB /* Cocoa.framework */; };
/* End PBXBuildFile section */

/* Begin PBXCopyFilesBuildPhase section */
		30D774AD0B406D8F00C01A78 /* CopyFiles */ = {
			isa = PBXCopyFilesBuildPhase;
			buildActionMask = 2147483647;
			dstPath = "";
			dstSubfolderSpec = 10;
			files = (
				30D774AF0B406DC400C01A78 /* Sparkle.framework in CopyFiles */,
				778C8AB70B659674006212F9 /* S3ValueTransformers.h in CopyFiles */,
				778C8B970B659991006212F9 /* S3NSURLConnectionOperation.h in CopyFiles */,
				778C8BA50B6599E2006212F9 /* S3ListOperation.h in CopyFiles */,
				778C8BB10B659A42006212F9 /* S3ObjectStreamedUploadOperation.h in CopyFiles */,
				778C8BC40B659AED006212F9 /* S3BucketListOperation.h in CopyFiles */,
				778C8BCF0B659B28006212F9 /* S3BucketDeleteOperation.h in CopyFiles */,
				778C8BDB0B659B59006212F9 /* S3BucketAddOperation.h in CopyFiles */,
				778C8BEA0B659BF3006212F9 /* S3ObjectDeleteOperation.h in CopyFiles */,
				778C8BF70B659C18006212F9 /* S3ObjectListOperation.h in CopyFiles */,
				778C8CC00B659E7C006212F9 /* S3Connection.h in CopyFiles */,
				778C8CC10B659E7D006212F9 /* S3Extensions.h in CopyFiles */,
				778C8CC20B659E7E006212F9 /* S3Object.h in CopyFiles */,
				778C8CC30B659E7F006212F9 /* S3ObjectDownloadOperation.h in CopyFiles */,
				778C8CC40B659E82006212F9 /* S3ObjectUploadOperation.h in CopyFiles */,
				778C8CC50B659E83006212F9 /* S3Operation.h in CopyFiles */,
				778C8CC60B659E84006212F9 /* S3Owner.h in CopyFiles */,
				778C8CCA0B659E94006212F9 /* S3Bucket.h in CopyFiles */,
			);
			runOnlyForDeploymentPostprocessing = 0;
		};
/* End PBXCopyFilesBuildPhase section */

/* Begin PBXFileReference section */
		089C165DFE840E0CC02AAC07 /* English */ = {isa = PBXFileReference; fileEncoding = 10; lastKnownFileType = text.plist.strings; name = English; path = English.lproj/InfoPlist.strings; sourceTree = "<group>"; };
		1058C7A1FEA54F0111CA2CBB /* Cocoa.framework */ = {isa = PBXFileReference; lastKnownFileType = wrapper.framework; name = Cocoa.framework; path = /System/Library/Frameworks/Cocoa.framework; sourceTree = "<absolute>"; };
		29B97316FDCFA39411CA2CEA /* main.m */ = {isa = PBXFileReference; fileEncoding = 4; lastKnownFileType = sourcecode.c.objc; path = main.m; sourceTree = "<group>"; };
		29B97319FDCFA39411CA2CEA /* English */ = {isa = PBXFileReference; lastKnownFileType = wrapper.nib; name = English; path = English.lproj/MainMenu.nib; sourceTree = "<group>"; };
		29B97324FDCFA39411CA2CEA /* AppKit.framework */ = {isa = PBXFileReference; lastKnownFileType = wrapper.framework; name = AppKit.framework; path = /System/Library/Frameworks/AppKit.framework; sourceTree = "<absolute>"; };
		29B97325FDCFA39411CA2CEA /* Foundation.framework */ = {isa = PBXFileReference; lastKnownFileType = wrapper.framework; name = Foundation.framework; path = /System/Library/Frameworks/Foundation.framework; sourceTree = "<absolute>"; };
		301E14860A9487B000452AD5 /* S3DragAndDropArrayController.h */ = {isa = PBXFileReference; fileEncoding = 4; lastKnownFileType = sourcecode.c.h; path = S3DragAndDropArrayController.h; sourceTree = "<group>"; };
		301E14870A9487B000452AD5 /* S3DragAndDropArrayController.m */ = {isa = PBXFileReference; fileEncoding = 4; lastKnownFileType = sourcecode.c.objc; path = S3DragAndDropArrayController.m; sourceTree = "<group>"; };
		306299E40A953E0A00634B34 /* SystemConfiguration.framework */ = {isa = PBXFileReference; lastKnownFileType = wrapper.framework; name = SystemConfiguration.framework; path = /System/Library/Frameworks/SystemConfiguration.framework; sourceTree = "<absolute>"; };
		3066A6A80AAB608F003CACDA /* S3ActiveWindowController.h */ = {isa = PBXFileReference; fileEncoding = 4; lastKnownFileType = sourcecode.c.h; path = S3ActiveWindowController.h; sourceTree = "<group>"; };
		3066A6A90AAB608F003CACDA /* S3ActiveWindowController.m */ = {isa = PBXFileReference; fileEncoding = 4; lastKnownFileType = sourcecode.c.objc; path = S3ActiveWindowController.m; sourceTree = "<group>"; };
		30BA79090A91F0D100E4E2A9 /* S3ObjectDownloadOperation.h */ = {isa = PBXFileReference; fileEncoding = 4; lastKnownFileType = sourcecode.c.h; path = S3ObjectDownloadOperation.h; sourceTree = "<group>"; };
		30BA790A0A91F0D100E4E2A9 /* S3ObjectDownloadOperation.m */ = {isa = PBXFileReference; fileEncoding = 4; lastKnownFileType = sourcecode.c.objc; path = S3ObjectDownloadOperation.m; sourceTree = "<group>"; };
		30BA7C7D0A93A92800E4E2A9 /* S3ObjectUploadOperation.h */ = {isa = PBXFileReference; fileEncoding = 4; lastKnownFileType = sourcecode.c.h; path = S3ObjectUploadOperation.h; sourceTree = "<group>"; };
		30BA7C7E0A93A92800E4E2A9 /* S3ObjectUploadOperation.m */ = {isa = PBXFileReference; fileEncoding = 4; lastKnownFileType = sourcecode.c.objc; path = S3ObjectUploadOperation.m; sourceTree = "<group>"; };
		30D774980B406D7900C01A78 /* Sparkle.framework */ = {isa = PBXFileReference; lastKnownFileType = wrapper.framework; path = Sparkle.framework; sourceTree = "<group>"; };
		30F424240B45FBD700A8483B /* Credits.rtf */ = {isa = PBXFileReference; lastKnownFileType = text.rtf; name = Credits.rtf; path = Resources/Credits.rtf; sourceTree = "<group>"; };
		32CA4F630368D1EE00C91783 /* S3-Objc_Prefix.pch */ = {isa = PBXFileReference; fileEncoding = 4; lastKnownFileType = sourcecode.c.h; path = "S3-Objc_Prefix.pch"; sourceTree = "<group>"; };
		7737F80A09EDA1EB0015B80B /* upload.icns */ = {isa = PBXFileReference; lastKnownFileType = image.icns; name = upload.icns; path = Resources/upload.icns; sourceTree = "<group>"; };
		7737F80B09EDA1EB0015B80B /* download.icns */ = {isa = PBXFileReference; lastKnownFileType = image.icns; name = download.icns; path = Resources/download.icns; sourceTree = "<group>"; };
		77538C0809EB36E80024FB3B /* stop.icns */ = {isa = PBXFileReference; lastKnownFileType = image.icns; name = stop.icns; path = Resources/stop.icns; sourceTree = "<group>"; };
		77538C0909EB36E80024FB3B /* delete.icns */ = {isa = PBXFileReference; lastKnownFileType = image.icns; name = delete.icns; path = Resources/delete.icns; sourceTree = "<group>"; };
		77538C0A09EB36E80024FB3B /* add.icns */ = {isa = PBXFileReference; lastKnownFileType = image.icns; name = add.icns; path = Resources/add.icns; sourceTree = "<group>"; };
		77538C0B09EB36E80024FB3B /* info.icns */ = {isa = PBXFileReference; lastKnownFileType = image.icns; name = info.icns; path = Resources/info.icns; sourceTree = "<group>"; };
		77538C3C09EB387E0024FB3B /* refresh.icns */ = {isa = PBXFileReference; lastKnownFileType = image.icns; name = refresh.icns; path = Resources/refresh.icns; sourceTree = "<group>"; };
		77538C6709EB3DCB0024FB3B /* S3AppKitExtensions.h */ = {isa = PBXFileReference; fileEncoding = 4; lastKnownFileType = sourcecode.c.h; path = S3AppKitExtensions.h; sourceTree = "<group>"; };
		77538C6809EB3DCB0024FB3B /* S3AppKitExtensions.m */ = {isa = PBXFileReference; fileEncoding = 4; lastKnownFileType = sourcecode.c.objc; path = S3AppKitExtensions.m; sourceTree = "<group>"; };
		775D392A09DF2BA300B16BE3 /* S3Operation.h */ = {isa = PBXFileReference; fileEncoding = 4; lastKnownFileType = sourcecode.c.h; path = S3Operation.h; sourceTree = "<group>"; };
		775D392B09DF2BA300B16BE3 /* S3Operation.m */ = {isa = PBXFileReference; fileEncoding = 4; lastKnownFileType = sourcecode.c.objc; path = S3Operation.m; sourceTree = "<group>"; };
		775D396409DF44BF00B16BE3 /* S3Connection.h */ = {isa = PBXFileReference; fileEncoding = 4; lastKnownFileType = sourcecode.c.h; path = S3Connection.h; sourceTree = "<group>"; };
		775D396509DF44BF00B16BE3 /* S3Connection.m */ = {isa = PBXFileReference; fileEncoding = 4; lastKnownFileType = sourcecode.c.objc; path = S3Connection.m; sourceTree = "<group>"; };
		7765E31309E726830075B66B /* libssl.dylib */ = {isa = PBXFileReference; lastKnownFileType = "compiled.mach-o.dylib"; name = libssl.dylib; path = /usr/lib/libssl.dylib; sourceTree = "<absolute>"; };
		7765E31709E726CA0075B66B /* libcrypto.dylib */ = {isa = PBXFileReference; lastKnownFileType = "compiled.mach-o.dylib"; name = libcrypto.dylib; path = /usr/lib/libcrypto.dylib; sourceTree = "<absolute>"; };
		7777EB2A09C7923500EC8148 /* S3Owner.h */ = {isa = PBXFileReference; fileEncoding = 4; lastKnownFileType = sourcecode.c.h; path = S3Owner.h; sourceTree = "<group>"; };
		7777EB2B09C7923500EC8148 /* S3Owner.m */ = {isa = PBXFileReference; fileEncoding = 4; lastKnownFileType = sourcecode.c.objc; path = S3Owner.m; sourceTree = "<group>"; };
		7777EB3209C7929900EC8148 /* S3Object.h */ = {isa = PBXFileReference; fileEncoding = 4; lastKnownFileType = sourcecode.c.h; path = S3Object.h; sourceTree = "<group>"; };
		7777EB3309C7929900EC8148 /* S3Object.m */ = {isa = PBXFileReference; fileEncoding = 4; lastKnownFileType = sourcecode.c.objc; path = S3Object.m; sourceTree = "<group>"; };
		7777EB3B09C79E6F00EC8148 /* S3Bucket.h */ = {isa = PBXFileReference; fileEncoding = 4; lastKnownFileType = sourcecode.c.h; path = S3Bucket.h; sourceTree = "<group>"; };
		7777EB3C09C79E6F00EC8148 /* S3Bucket.m */ = {isa = PBXFileReference; fileEncoding = 4; lastKnownFileType = sourcecode.c.objc; path = S3Bucket.m; sourceTree = "<group>"; };
		777CB07F09E550AF003E37C9 /* app.icns */ = {isa = PBXFileReference; lastKnownFileType = image.icns; name = app.icns; path = Resources/app.icns; sourceTree = "<group>"; };
		777CB09B09E5E4F1003E37C9 /* S3LoginController.h */ = {isa = PBXFileReference; fileEncoding = 4; lastKnownFileType = sourcecode.c.h; path = S3LoginController.h; sourceTree = "<group>"; };
		777CB09C09E5E4F1003E37C9 /* S3LoginController.m */ = {isa = PBXFileReference; fileEncoding = 4; lastKnownFileType = sourcecode.c.objc; path = S3LoginController.m; sourceTree = "<group>"; };
		777CB0AB09E5E85C003E37C9 /* English */ = {isa = PBXFileReference; lastKnownFileType = wrapper.nib; name = English; path = English.lproj/Authentication.nib; sourceTree = "<group>"; };
		777D0D2C0A332CB4003CABA0 /* Security.framework */ = {isa = PBXFileReference; lastKnownFileType = wrapper.framework; name = Security.framework; path = /System/Library/Frameworks/Security.framework; sourceTree = "<absolute>"; };
		778B5CBA09E1568A002AF32D /* S3ObjectListController.h */ = {isa = PBXFileReference; fileEncoding = 4; lastKnownFileType = sourcecode.c.h; path = S3ObjectListController.h; sourceTree = "<group>"; };
		778B5CBB09E1568A002AF32D /* S3ObjectListController.m */ = {isa = PBXFileReference; fileEncoding = 4; lastKnownFileType = sourcecode.c.objc; path = S3ObjectListController.m; sourceTree = "<group>"; };
		778B5D2709E170EA002AF32D /* English */ = {isa = PBXFileReference; lastKnownFileType = wrapper.nib; name = English; path = English.lproj/Objects.nib; sourceTree = "<group>"; };
		778B5DCC09E1817D002AF32D /* S3BucketListController.h */ = {isa = PBXFileReference; fileEncoding = 4; lastKnownFileType = sourcecode.c.h; path = S3BucketListController.h; sourceTree = "<group>"; };
		778B5DCD09E1817D002AF32D /* S3BucketListController.m */ = {isa = PBXFileReference; fileEncoding = 4; lastKnownFileType = sourcecode.c.objc; path = S3BucketListController.m; sourceTree = "<group>"; };
		778B5E0609E18F30002AF32D /* English */ = {isa = PBXFileReference; lastKnownFileType = wrapper.nib; name = English; path = English.lproj/Buckets.nib; sourceTree = "<group>"; };
		778B5E0809E18FE2002AF32D /* S3Application.h */ = {isa = PBXFileReference; fileEncoding = 4; lastKnownFileType = sourcecode.c.h; path = S3Application.h; sourceTree = "<group>"; };
		778B5E0909E18FE2002AF32D /* S3Application.m */ = {isa = PBXFileReference; fileEncoding = 4; lastKnownFileType = sourcecode.c.objc; path = S3Application.m; sourceTree = "<group>"; };
		778C8AB50B659674006212F9 /* S3ValueTransformers.h */ = {isa = PBXFileReference; fileEncoding = 4; lastKnownFileType = sourcecode.c.h; path = S3ValueTransformers.h; sourceTree = "<group>"; };
		778C8AB60B659674006212F9 /* S3ValueTransformers.m */ = {isa = PBXFileReference; fileEncoding = 4; lastKnownFileType = sourcecode.c.objc; path = S3ValueTransformers.m; sourceTree = "<group>"; };
		778C8B950B659991006212F9 /* S3NSURLConnectionOperation.h */ = {isa = PBXFileReference; fileEncoding = 4; lastKnownFileType = sourcecode.c.h; path = S3NSURLConnectionOperation.h; sourceTree = "<group>"; };
		778C8B960B659991006212F9 /* S3NSURLConnectionOperation.m */ = {isa = PBXFileReference; fileEncoding = 4; lastKnownFileType = sourcecode.c.objc; path = S3NSURLConnectionOperation.m; sourceTree = "<group>"; };
		778C8BA30B6599E2006212F9 /* S3ListOperation.h */ = {isa = PBXFileReference; fileEncoding = 4; lastKnownFileType = sourcecode.c.h; path = S3ListOperation.h; sourceTree = "<group>"; };
		778C8BA40B6599E2006212F9 /* S3ListOperation.m */ = {isa = PBXFileReference; fileEncoding = 4; lastKnownFileType = sourcecode.c.objc; path = S3ListOperation.m; sourceTree = "<group>"; };
		778C8BAF0B659A42006212F9 /* S3ObjectStreamedUploadOperation.h */ = {isa = PBXFileReference; fileEncoding = 4; lastKnownFileType = sourcecode.c.h; path = S3ObjectStreamedUploadOperation.h; sourceTree = "<group>"; };
		778C8BB00B659A42006212F9 /* S3ObjectStreamedUploadOperation.m */ = {isa = PBXFileReference; fileEncoding = 4; lastKnownFileType = sourcecode.c.objc; path = S3ObjectStreamedUploadOperation.m; sourceTree = "<group>"; };
		778C8BC20B659AED006212F9 /* S3BucketListOperation.h */ = {isa = PBXFileReference; fileEncoding = 4; lastKnownFileType = sourcecode.c.h; path = S3BucketListOperation.h; sourceTree = "<group>"; };
		778C8BC30B659AED006212F9 /* S3BucketListOperation.m */ = {isa = PBXFileReference; fileEncoding = 4; lastKnownFileType = sourcecode.c.objc; path = S3BucketListOperation.m; sourceTree = "<group>"; };
		778C8BCD0B659B28006212F9 /* S3BucketDeleteOperation.h */ = {isa = PBXFileReference; fileEncoding = 4; lastKnownFileType = sourcecode.c.h; path = S3BucketDeleteOperation.h; sourceTree = "<group>"; };
		778C8BCE0B659B28006212F9 /* S3BucketDeleteOperation.m */ = {isa = PBXFileReference; fileEncoding = 4; lastKnownFileType = sourcecode.c.objc; path = S3BucketDeleteOperation.m; sourceTree = "<group>"; };
		778C8BD90B659B59006212F9 /* S3BucketAddOperation.h */ = {isa = PBXFileReference; fileEncoding = 4; lastKnownFileType = sourcecode.c.h; path = S3BucketAddOperation.h; sourceTree = "<group>"; };
		778C8BDA0B659B59006212F9 /* S3BucketAddOperation.m */ = {isa = PBXFileReference; fileEncoding = 4; lastKnownFileType = sourcecode.c.objc; path = S3BucketAddOperation.m; sourceTree = "<group>"; };
		778C8BE80B659BF3006212F9 /* S3ObjectDeleteOperation.h */ = {isa = PBXFileReference; fileEncoding = 4; lastKnownFileType = sourcecode.c.h; path = S3ObjectDeleteOperation.h; sourceTree = "<group>"; };
		778C8BE90B659BF3006212F9 /* S3ObjectDeleteOperation.m */ = {isa = PBXFileReference; fileEncoding = 4; lastKnownFileType = sourcecode.c.objc; path = S3ObjectDeleteOperation.m; sourceTree = "<group>"; };
		778C8BF50B659C18006212F9 /* S3ObjectListOperation.h */ = {isa = PBXFileReference; fileEncoding = 4; lastKnownFileType = sourcecode.c.h; path = S3ObjectListOperation.h; sourceTree = "<group>"; };
		778C8BF60B659C18006212F9 /* S3ObjectListOperation.m */ = {isa = PBXFileReference; fileEncoding = 4; lastKnownFileType = sourcecode.c.objc; path = S3ObjectListOperation.m; sourceTree = "<group>"; };
		7794949909DD9B2300A5DEB7 /* S3Extensions.h */ = {isa = PBXFileReference; fileEncoding = 4; lastKnownFileType = sourcecode.c.h; path = S3Extensions.h; sourceTree = "<group>"; };
		7794949A09DD9B2300A5DEB7 /* S3Extensions.m */ = {isa = PBXFileReference; fileEncoding = 4; lastKnownFileType = sourcecode.c.objc; path = S3Extensions.m; sourceTree = "<group>"; };
		77BC305609E800750055FD75 /* S3OperationController.h */ = {isa = PBXFileReference; fileEncoding = 4; lastKnownFileType = sourcecode.c.h; path = S3OperationController.h; sourceTree = "<group>"; };
		77BC305709E800750055FD75 /* S3OperationController.m */ = {isa = PBXFileReference; fileEncoding = 4; lastKnownFileType = sourcecode.c.objc; path = S3OperationController.m; sourceTree = "<group>"; };
		77BC305A09E8009A0055FD75 /* English */ = {isa = PBXFileReference; lastKnownFileType = wrapper.nib; name = English; path = English.lproj/Operations.nib; sourceTree = "<group>"; };
		77BC334D09E852D90055FD75 /* S3ClickableURLField.h */ = {isa = PBXFileReference; fileEncoding = 4; lastKnownFileType = sourcecode.c.h; path = S3ClickableURLField.h; sourceTree = "<group>"; };
		77BC334E09E852D90055FD75 /* S3ClickableURLField.m */ = {isa = PBXFileReference; fileEncoding = 4; lastKnownFileType = sourcecode.c.objc; path = S3ClickableURLField.m; sourceTree = "<group>"; };
		8D1107310486CEB800E47090 /* Info.plist */ = {isa = PBXFileReference; fileEncoding = 4; lastKnownFileType = text.plist; path = Info.plist; sourceTree = "<group>"; };
		8D1107320486CEB800E47090 /* S3 Browser.app */ = {isa = PBXFileReference; includeInIndex = 0; lastKnownFileType = wrapper.application; path = "S3 Browser.app"; sourceTree = BUILT_PRODUCTS_DIR; };
/* End PBXFileReference section */

/* Begin PBXFrameworksBuildPhase section */
		8D11072E0486CEB800E47090 /* Frameworks */ = {
			isa = PBXFrameworksBuildPhase;
			buildActionMask = 2147483647;
			files = (
				8D11072F0486CEB800E47090 /* Cocoa.framework in Frameworks */,
				7765E31409E726830075B66B /* libssl.dylib in Frameworks */,
				7765E31809E726CA0075B66B /* libcrypto.dylib in Frameworks */,
				777D0D2D0A332CB4003CABA0 /* Security.framework in Frameworks */,
				306299E50A953E0A00634B34 /* SystemConfiguration.framework in Frameworks */,
				30D774990B406D7900C01A78 /* Sparkle.framework in Frameworks */,
			);
			runOnlyForDeploymentPostprocessing = 0;
		};
/* End PBXFrameworksBuildPhase section */

/* Begin PBXGroup section */
		080E96DDFE201D6D7F000001 /* core */ = {
			isa = PBXGroup;
			children = (
				778C8CE90B659F5B006212F9 /* base classes */,
				778C8CE40B659F2F006212F9 /* objects operations */,
				778C8CE10B659F13006212F9 /* buckets operations */,
			);
			path = core;
			sourceTree = "<group>";
		};
		1058C7A0FEA54F0111CA2CBB /* Linked Frameworks */ = {
			isa = PBXGroup;
			children = (
				30D774980B406D7900C01A78 /* Sparkle.framework */,
				306299E40A953E0A00634B34 /* SystemConfiguration.framework */,
				777D0D2C0A332CB4003CABA0 /* Security.framework */,
				7765E31709E726CA0075B66B /* libcrypto.dylib */,
				7765E31309E726830075B66B /* libssl.dylib */,
				1058C7A1FEA54F0111CA2CBB /* Cocoa.framework */,
			);
			name = "Linked Frameworks";
			sourceTree = "<group>";
		};
		1058C7A2FEA54F0111CA2CBB /* Other Frameworks */ = {
			isa = PBXGroup;
			children = (
				29B97324FDCFA39411CA2CEA /* AppKit.framework */,
				29B97325FDCFA39411CA2CEA /* Foundation.framework */,
			);
			name = "Other Frameworks";
			sourceTree = "<group>";
		};
		19C28FACFE9D520D11CA2CBB /* Products */ = {
			isa = PBXGroup;
			children = (
				8D1107320486CEB800E47090 /* S3 Browser.app */,
			);
			name = Products;
			sourceTree = "<group>";
		};
		29B97314FDCFA39411CA2CEA /* S3-Objc */ = {
			isa = PBXGroup;
			children = (
				778B5E0D09E18FEA002AF32D /* app */,
				080E96DDFE201D6D7F000001 /* core */,
				29B97315FDCFA39411CA2CEA /* Other Sources */,
				29B97317FDCFA39411CA2CEA /* Resources */,
				29B97323FDCFA39411CA2CEA /* Frameworks */,
				19C28FACFE9D520D11CA2CBB /* Products */,
			);
			name = "S3-Objc";
			sourceTree = "<group>";
		};
		29B97315FDCFA39411CA2CEA /* Other Sources */ = {
			isa = PBXGroup;
			children = (
				32CA4F630368D1EE00C91783 /* S3-Objc_Prefix.pch */,
				29B97316FDCFA39411CA2CEA /* main.m */,
			);
			name = "Other Sources";
			sourceTree = "<group>";
		};
		29B97317FDCFA39411CA2CEA /* Resources */ = {
			isa = PBXGroup;
			children = (
				777CB07F09E550AF003E37C9 /* app.icns */,
				77538C0809EB36E80024FB3B /* stop.icns */,
				77538C0909EB36E80024FB3B /* delete.icns */,
				77538C0A09EB36E80024FB3B /* add.icns */,
				77538C0B09EB36E80024FB3B /* info.icns */,
				77538C3C09EB387E0024FB3B /* refresh.icns */,
				7737F80A09EDA1EB0015B80B /* upload.icns */,
				7737F80B09EDA1EB0015B80B /* download.icns */,
				30F424240B45FBD700A8483B /* Credits.rtf */,
				8D1107310486CEB800E47090 /* Info.plist */,
				089C165CFE840E0CC02AAC07 /* InfoPlist.strings */,
				29B97318FDCFA39411CA2CEA /* MainMenu.nib */,
				77BC305909E8009A0055FD75 /* Operations.nib */,
				777CB0AA09E5E85C003E37C9 /* Authentication.nib */,
				778B5E0509E18F30002AF32D /* Buckets.nib */,
				778B5D2609E170EA002AF32D /* Objects.nib */,
			);
			name = Resources;
			sourceTree = "<group>";
		};
		29B97323FDCFA39411CA2CEA /* Frameworks */ = {
			isa = PBXGroup;
			children = (
				1058C7A0FEA54F0111CA2CBB /* Linked Frameworks */,
				1058C7A2FEA54F0111CA2CBB /* Other Frameworks */,
			);
			name = Frameworks;
			sourceTree = "<group>";
		};
		778B5E0D09E18FEA002AF32D /* app */ = {
			isa = PBXGroup;
			children = (
				778B5E0809E18FE2002AF32D /* S3Application.h */,
				778B5E0909E18FE2002AF32D /* S3Application.m */,
				3066A6A80AAB608F003CACDA /* S3ActiveWindowController.h */,
				3066A6A90AAB608F003CACDA /* S3ActiveWindowController.m */,
				777CB09B09E5E4F1003E37C9 /* S3LoginController.h */,
				777CB09C09E5E4F1003E37C9 /* S3LoginController.m */,
				778B5DCC09E1817D002AF32D /* S3BucketListController.h */,
				778B5DCD09E1817D002AF32D /* S3BucketListController.m */,
				778B5CBA09E1568A002AF32D /* S3ObjectListController.h */,
				778B5CBB09E1568A002AF32D /* S3ObjectListController.m */,
				77BC305609E800750055FD75 /* S3OperationController.h */,
				77BC305709E800750055FD75 /* S3OperationController.m */,
				77BC334D09E852D90055FD75 /* S3ClickableURLField.h */,
				77BC334E09E852D90055FD75 /* S3ClickableURLField.m */,
				301E14860A9487B000452AD5 /* S3DragAndDropArrayController.h */,
				301E14870A9487B000452AD5 /* S3DragAndDropArrayController.m */,
				778C8AB50B659674006212F9 /* S3ValueTransformers.h */,
				778C8AB60B659674006212F9 /* S3ValueTransformers.m */,
				77538C6709EB3DCB0024FB3B /* S3AppKitExtensions.h */,
				77538C6809EB3DCB0024FB3B /* S3AppKitExtensions.m */,
			);
			path = app;
			sourceTree = "<group>";
		};
		778C8CE10B659F13006212F9 /* buckets operations */ = {
			isa = PBXGroup;
			children = (
				778C8BD90B659B59006212F9 /* S3BucketAddOperation.h */,
				778C8BDA0B659B59006212F9 /* S3BucketAddOperation.m */,
				778C8BC20B659AED006212F9 /* S3BucketListOperation.h */,
				778C8BC30B659AED006212F9 /* S3BucketListOperation.m */,
				778C8BCD0B659B28006212F9 /* S3BucketDeleteOperation.h */,
				778C8BCE0B659B28006212F9 /* S3BucketDeleteOperation.m */,
			);
			name = "buckets operations";
			sourceTree = "<group>";
		};
		778C8CE40B659F2F006212F9 /* objects operations */ = {
			isa = PBXGroup;
			children = (
				778C8BE80B659BF3006212F9 /* S3ObjectDeleteOperation.h */,
				778C8BE90B659BF3006212F9 /* S3ObjectDeleteOperation.m */,
				778C8BF50B659C18006212F9 /* S3ObjectListOperation.h */,
				778C8BF60B659C18006212F9 /* S3ObjectListOperation.m */,
				30BA7C7D0A93A92800E4E2A9 /* S3ObjectUploadOperation.h */,
				30BA7C7E0A93A92800E4E2A9 /* S3ObjectUploadOperation.m */,
				778C8BAF0B659A42006212F9 /* S3ObjectStreamedUploadOperation.h */,
				778C8BB00B659A42006212F9 /* S3ObjectStreamedUploadOperation.m */,
				30BA79090A91F0D100E4E2A9 /* S3ObjectDownloadOperation.h */,
				30BA790A0A91F0D100E4E2A9 /* S3ObjectDownloadOperation.m */,
			);
			name = "objects operations";
			sourceTree = "<group>";
		};
		778C8CE90B659F5B006212F9 /* base classes */ = {
			isa = PBXGroup;
			children = (
				7777EB2A09C7923500EC8148 /* S3Owner.h */,
				7777EB2B09C7923500EC8148 /* S3Owner.m */,
				7777EB3209C7929900EC8148 /* S3Object.h */,
				7777EB3309C7929900EC8148 /* S3Object.m */,
				7777EB3B09C79E6F00EC8148 /* S3Bucket.h */,
				7777EB3C09C79E6F00EC8148 /* S3Bucket.m */,
				775D396409DF44BF00B16BE3 /* S3Connection.h */,
				775D396509DF44BF00B16BE3 /* S3Connection.m */,
				775D392A09DF2BA300B16BE3 /* S3Operation.h */,
				775D392B09DF2BA300B16BE3 /* S3Operation.m */,
				778C8BA30B6599E2006212F9 /* S3ListOperation.h */,
				778C8BA40B6599E2006212F9 /* S3ListOperation.m */,
				778C8B950B659991006212F9 /* S3NSURLConnectionOperation.h */,
				778C8B960B659991006212F9 /* S3NSURLConnectionOperation.m */,
				7794949909DD9B2300A5DEB7 /* S3Extensions.h */,
				7794949A09DD9B2300A5DEB7 /* S3Extensions.m */,
			);
			name = "base classes";
			sourceTree = "<group>";
		};
/* End PBXGroup section */

/* Begin PBXNativeTarget section */
		8D1107260486CEB800E47090 /* S3 Browser */ = {
			isa = PBXNativeTarget;
			buildConfigurationList = C01FCF4A08A954540054247B /* Build configuration list for PBXNativeTarget "S3 Browser" */;
			buildPhases = (
				30D774B30B406DFA00C01A78 /* ShellScript */,
				8D1107290486CEB800E47090 /* Resources */,
				8D11072C0486CEB800E47090 /* Sources */,
				8D11072E0486CEB800E47090 /* Frameworks */,
				30D774AD0B406D8F00C01A78 /* CopyFiles */,
			);
			buildRules = (
			);
			dependencies = (
			);
			name = "S3 Browser";
			productInstallPath = "$(HOME)/Applications";
			productName = "S3-Objc";
			productReference = 8D1107320486CEB800E47090 /* S3 Browser.app */;
			productType = "com.apple.product-type.application";
		};
/* End PBXNativeTarget section */

/* Begin PBXProject section */
		29B97313FDCFA39411CA2CEA /* Project object */ = {
			isa = PBXProject;
			buildConfigurationList = C01FCF4E08A954540054247B /* Build configuration list for PBXProject "S3-Objc" */;
			hasScannedForEncodings = 1;
			mainGroup = 29B97314FDCFA39411CA2CEA /* S3-Objc */;
			projectDirPath = "";
			targets = (
				8D1107260486CEB800E47090 /* S3 Browser */,
			);
		};
/* End PBXProject section */

/* Begin PBXResourcesBuildPhase section */
		8D1107290486CEB800E47090 /* Resources */ = {
			isa = PBXResourcesBuildPhase;
			buildActionMask = 2147483647;
			files = (
				8D11072A0486CEB800E47090 /* MainMenu.nib in Resources */,
				8D11072B0486CEB800E47090 /* InfoPlist.strings in Resources */,
				778B5D2809E170EA002AF32D /* Objects.nib in Resources */,
				778B5E0709E18F30002AF32D /* Buckets.nib in Resources */,
				777CB08009E550AF003E37C9 /* app.icns in Resources */,
				777CB0AC09E5E85C003E37C9 /* Authentication.nib in Resources */,
				77BC305B09E8009A0055FD75 /* Operations.nib in Resources */,
				77538C0C09EB36E80024FB3B /* stop.icns in Resources */,
				77538C0D09EB36E80024FB3B /* delete.icns in Resources */,
				77538C0E09EB36E80024FB3B /* add.icns in Resources */,
				77538C0F09EB36E80024FB3B /* info.icns in Resources */,
				77538C3D09EB387E0024FB3B /* refresh.icns in Resources */,
				7737F80C09EDA1EB0015B80B /* upload.icns in Resources */,
				7737F80D09EDA1EB0015B80B /* download.icns in Resources */,
				30F424250B45FBD700A8483B /* Credits.rtf in Resources */,
			);
			runOnlyForDeploymentPostprocessing = 0;
		};
/* End PBXResourcesBuildPhase section */

/* Begin PBXShellScriptBuildPhase section */
		30D774B30B406DFA00C01A78 /* ShellScript */ = {
			isa = PBXShellScriptBuildPhase;
			buildActionMask = 2147483647;
			files = (
			);
			inputPaths = (
			);
			outputPaths = (
			);
			runOnlyForDeploymentPostprocessing = 0;
			shellPath = /bin/sh;
			shellScript = "# If not present, download Sparkle archive, extract it and cleanup.\nif [ ! -e $SRCROOT/Sparkle.framework ]; then\n\trm -rf $SRCROOT/Sparkle\n\tmkdir $SRCROOT/Sparkle\n\tcd $SRCROOT/Sparkle\t\n\techo \"Downloading Sparkle framework\"\n\tcurl -s -O http://andymatuschak.org/files/Sparkle-1.1.zip\n\techo \"Unzipping Sparkle\"\n\tunzip Sparkle-1.1.zip\n\tmv Extras/English-Only\\ Framework/Sparkle.framework $SRCROOT\n\trm -rf $SRCROOT/Sparkle\n\techo \"Sparkle installed for build\"\nfi";
		};
/* End PBXShellScriptBuildPhase section */

/* Begin PBXSourcesBuildPhase section */
		8D11072C0486CEB800E47090 /* Sources */ = {
			isa = PBXSourcesBuildPhase;
			buildActionMask = 2147483647;
			files = (
				8D11072D0486CEB800E47090 /* main.m in Sources */,
				7777EB2C09C7923500EC8148 /* S3Owner.m in Sources */,
				7777EB3409C7929900EC8148 /* S3Object.m in Sources */,
				7777EB3D09C79E6F00EC8148 /* S3Bucket.m in Sources */,
				7794949B09DD9B2300A5DEB7 /* S3Extensions.m in Sources */,
				775D392C09DF2BA300B16BE3 /* S3Operation.m in Sources */,
				775D396609DF44BF00B16BE3 /* S3Connection.m in Sources */,
				778B5CBC09E1568A002AF32D /* S3ObjectListController.m in Sources */,
				778B5DCE09E1817D002AF32D /* S3BucketListController.m in Sources */,
				778B5E0A09E18FE2002AF32D /* S3Application.m in Sources */,
				777CB09D09E5E4F1003E37C9 /* S3LoginController.m in Sources */,
				77BC305809E800750055FD75 /* S3OperationController.m in Sources */,
				77BC334F09E852D90055FD75 /* S3ClickableURLField.m in Sources */,
				77538C6909EB3DCB0024FB3B /* S3AppKitExtensions.m in Sources */,
				30BA790B0A91F0D100E4E2A9 /* S3ObjectDownloadOperation.m in Sources */,
				30BA7C7F0A93A92800E4E2A9 /* S3ObjectUploadOperation.m in Sources */,
				301E14880A9487B000452AD5 /* S3DragAndDropArrayController.m in Sources */,
				3066A6AA0AAB608F003CACDA /* S3ActiveWindowController.m in Sources */,
				778C8AB80B659674006212F9 /* S3ValueTransformers.m in Sources */,
				778C8B980B659991006212F9 /* S3NSURLConnectionOperation.m in Sources */,
				778C8BA60B6599E2006212F9 /* S3ListOperation.m in Sources */,
				778C8BB20B659A42006212F9 /* S3ObjectStreamedUploadOperation.m in Sources */,
				778C8BC50B659AED006212F9 /* S3BucketListOperation.m in Sources */,
				778C8BD00B659B28006212F9 /* S3BucketDeleteOperation.m in Sources */,
				778C8BDC0B659B59006212F9 /* S3BucketAddOperation.m in Sources */,
				778C8BEB0B659BF3006212F9 /* S3ObjectDeleteOperation.m in Sources */,
				778C8BF80B659C18006212F9 /* S3ObjectListOperation.m in Sources */,
			);
			runOnlyForDeploymentPostprocessing = 0;
		};
/* End PBXSourcesBuildPhase section */

/* Begin PBXVariantGroup section */
		089C165CFE840E0CC02AAC07 /* InfoPlist.strings */ = {
			isa = PBXVariantGroup;
			children = (
				089C165DFE840E0CC02AAC07 /* English */,
			);
			name = InfoPlist.strings;
			sourceTree = "<group>";
		};
		29B97318FDCFA39411CA2CEA /* MainMenu.nib */ = {
			isa = PBXVariantGroup;
			children = (
				29B97319FDCFA39411CA2CEA /* English */,
			);
			name = MainMenu.nib;
			sourceTree = "<group>";
		};
		777CB0AA09E5E85C003E37C9 /* Authentication.nib */ = {
			isa = PBXVariantGroup;
			children = (
				777CB0AB09E5E85C003E37C9 /* English */,
			);
			name = Authentication.nib;
			sourceTree = "<group>";
		};
		778B5D2609E170EA002AF32D /* Objects.nib */ = {
			isa = PBXVariantGroup;
			children = (
				778B5D2709E170EA002AF32D /* English */,
			);
			name = Objects.nib;
			sourceTree = "<group>";
		};
		778B5E0509E18F30002AF32D /* Buckets.nib */ = {
			isa = PBXVariantGroup;
			children = (
				778B5E0609E18F30002AF32D /* English */,
			);
			name = Buckets.nib;
			sourceTree = "<group>";
		};
		77BC305909E8009A0055FD75 /* Operations.nib */ = {
			isa = PBXVariantGroup;
			children = (
				77BC305A09E8009A0055FD75 /* English */,
			);
			name = Operations.nib;
			sourceTree = "<group>";
		};
/* End PBXVariantGroup section */

/* Begin XCBuildConfiguration section */
		C01FCF4B08A954540054247B /* Debug */ = {
			isa = XCBuildConfiguration;
			buildSettings = {
				COPY_PHASE_STRIP = NO;
				FRAMEWORK_SEARCH_PATHS = (
					"$(inherited)",
					"$(FRAMEWORK_SEARCH_PATHS_QUOTED_1)",
				);
				FRAMEWORK_SEARCH_PATHS_QUOTED_1 = "\"$(SRCROOT)\"";
				GCC_DYNAMIC_NO_PIC = NO;
				GCC_ENABLE_FIX_AND_CONTINUE = YES;
				GCC_MODEL_TUNING = G5;
				GCC_OPTIMIZATION_LEVEL = 0;
				INFOPLIST_FILE = Info.plist;
				INSTALL_PATH = "$(HOME)/Applications";
				PRODUCT_NAME = "S3 Browser";
				WRAPPER_EXTENSION = app;
				ZERO_LINK = YES;
			};
			name = Debug;
		};
		C01FCF4C08A954540054247B /* Release */ = {
			isa = XCBuildConfiguration;
			buildSettings = {
				ARCHS = (
					ppc,
					i386,
				);
				FRAMEWORK_SEARCH_PATHS = (
					"$(inherited)",
					"$(FRAMEWORK_SEARCH_PATHS_QUOTED_1)",
				);
				FRAMEWORK_SEARCH_PATHS_QUOTED_1 = "\"$(SRCROOT)\"";
				GCC_GENERATE_DEBUGGING_SYMBOLS = NO;
				GCC_MODEL_TUNING = G5;
				INFOPLIST_FILE = Info.plist;
				INSTALL_PATH = "$(HOME)/Applications";
				PRODUCT_NAME = "S3 Browser";
				WRAPPER_EXTENSION = app;
			};
			name = Release;
		};
		C01FCF4F08A954540054247B /* Debug */ = {
			isa = XCBuildConfiguration;
			buildSettings = {
				CURRENT_PROJECT_VERSION = 82;
				GCC_WARN_ABOUT_RETURN_TYPE = YES;
				GCC_WARN_UNUSED_VARIABLE = YES;
				PREBINDING = NO;
				SDKROOT = /Developer/SDKs/MacOSX10.4u.sdk;
				VERSIONING_SYSTEM = "apple-generic";
			};
			name = Debug;
		};
		C01FCF5008A954540054247B /* Release */ = {
			isa = XCBuildConfiguration;
			buildSettings = {
				CURRENT_PROJECT_VERSION = 82;
				GCC_TREAT_WARNINGS_AS_ERRORS = YES;
				GCC_WARN_ABOUT_RETURN_TYPE = YES;
				GCC_WARN_UNUSED_VARIABLE = YES;
				PREBINDING = NO;
				SDKROOT = /Developer/SDKs/MacOSX10.4u.sdk;
				VERSIONING_SYSTEM = "apple-generic";
			};
			name = Release;
		};
/* End XCBuildConfiguration section */

/* Begin XCConfigurationList section */
		C01FCF4A08A954540054247B /* Build configuration list for PBXNativeTarget "S3 Browser" */ = {
			isa = XCConfigurationList;
			buildConfigurations = (
				C01FCF4B08A954540054247B /* Debug */,
				C01FCF4C08A954540054247B /* Release */,
			);
			defaultConfigurationIsVisible = 0;
			defaultConfigurationName = Release;
		};
		C01FCF4E08A954540054247B /* Build configuration list for PBXProject "S3-Objc" */ = {
			isa = XCConfigurationList;
			buildConfigurations = (
				C01FCF4F08A954540054247B /* Debug */,
				C01FCF5008A954540054247B /* Release */,
			);
			defaultConfigurationIsVisible = 0;
			defaultConfigurationName = Release;
		};
/* End XCConfigurationList section */
	};
	rootObject = 29B97313FDCFA39411CA2CEA /* Project object */;
}
